
Microsoft Visual Studio Solution File, Format Version 12.00
# Visual Studio Version 17
VisualStudioVersion = 17.5.2.0
MinimumVisualStudioVersion = 10.0.40219.1
Project("{2150E333-8FDC-42A3-9474-1A3956D46DE8}") = "src", "src", "{827E0CD3-B72D-47B6-A68D-7590B98EB39B}"
EndProject
Project("{FAE04EC0-301F-11D3-BF4B-00C04F79EFBC}") = "HomeManagement.Abstractions", "src\HomeManagement.Abstractions\HomeManagement.Abstractions.csproj", "{B4AFFC6B-F69E-9088-B34D-5D1AB0DE0D17}"
EndProject
Project("{FAE04EC0-301F-11D3-BF4B-00C04F79EFBC}") = "HomeManagement.Data", "src\HomeManagement.Data\HomeManagement.Data.csproj", "{9C95BDEC-D96C-48C4-BFDA-067C5B5D4944}"
EndProject
Project("{FAE04EC0-301F-11D3-BF4B-00C04F79EFBC}") = "HomeManagement.Vault", "src\HomeManagement.Vault\HomeManagement.Vault.csproj", "{476022C7-261A-4E2D-9CD0-E9F6EEBDC3F4}"
EndProject
Project("{FAE04EC0-301F-11D3-BF4B-00C04F79EFBC}") = "HomeManagement.Transport", "src\HomeManagement.Transport\HomeManagement.Transport.csproj", "{D95FE421-7509-49E3-AD6B-EA29EC115CBB}"
EndProject
Project("{FAE04EC0-301F-11D3-BF4B-00C04F79EFBC}") = "HomeManagement.Patching", "src\HomeManagement.Patching\HomeManagement.Patching.csproj", "{EE7E11C8-4582-4114-8BC5-63177B215BC8}"
EndProject
Project("{FAE04EC0-301F-11D3-BF4B-00C04F79EFBC}") = "HomeManagement.Services", "src\HomeManagement.Services\HomeManagement.Services.csproj", "{D3DEBAC3-C6CB-4A7D-9F63-91D4948C906C}"
EndProject
Project("{FAE04EC0-301F-11D3-BF4B-00C04F79EFBC}") = "HomeManagement.Inventory", "src\HomeManagement.Inventory\HomeManagement.Inventory.csproj", "{CCEF7277-1407-41E0-9263-006F44A3BA3E}"
EndProject
Project("{FAE04EC0-301F-11D3-BF4B-00C04F79EFBC}") = "HomeManagement.Auditing", "src\HomeManagement.Auditing\HomeManagement.Auditing.csproj", "{9BD256B8-FEED-4E0D-9D84-F592A8EF2B78}"
EndProject
Project("{FAE04EC0-301F-11D3-BF4B-00C04F79EFBC}") = "HomeManagement.Orchestration", "src\HomeManagement.Orchestration\HomeManagement.Orchestration.csproj", "{9BFDE6FC-065A-4E87-8CA7-E75624B3FC04}"
EndProject
Project("{FAE04EC0-301F-11D3-BF4B-00C04F79EFBC}") = "HomeManagement.Core", "src\HomeManagement.Core\HomeManagement.Core.csproj", "{1251B3AA-47CC-4347-B066-F201F28570E0}"
EndProject
Project("{FAE04EC0-301F-11D3-BF4B-00C04F79EFBC}") = "HomeManagement.Agent", "src\HomeManagement.Agent\HomeManagement.Agent.csproj", "{992AA43F-8D1D-4E3C-8671-813BDCB4704A}"
EndProject
Project("{FAE04EC0-301F-11D3-BF4B-00C04F79EFBC}") = "HomeManagement.Gui", "src\HomeManagement.Gui\HomeManagement.Gui.csproj", "{95989627-6109-4510-9411-300B990CA459}"
EndProject
Project("{2150E333-8FDC-42A3-9474-1A3956D46DE8}") = "tests", "tests", "{A1B2C3D4-E5F6-7890-ABCD-EF1234567890}"
EndProject
Project("{FAE04EC0-301F-11D3-BF4B-00C04F79EFBC}") = "HomeManagement.Abstractions.Tests", "tests\HomeManagement.Abstractions.Tests\HomeManagement.Abstractions.Tests.csproj", "{F1A2B3C4-D5E6-7890-AB12-CD34EF567891}"
EndProject
Project("{FAE04EC0-301F-11D3-BF4B-00C04F79EFBC}") = "HomeManagement.Agent.Tests", "tests\HomeManagement.Agent.Tests\HomeManagement.Agent.Tests.csproj", "{F2A3B4C5-D6E7-8901-BC23-DE45EF678902}"
EndProject
Project("{FAE04EC0-301F-11D3-BF4B-00C04F79EFBC}") = "HomeManagement.Data.Tests", "tests\HomeManagement.Data.Tests\HomeManagement.Data.Tests.csproj", "{F3A4B5C6-D7E8-9012-CD34-EF56F0789013}"
EndProject
Project("{FAE04EC0-301F-11D3-BF4B-00C04F79EFBC}") = "HomeManagement.Gui.Tests", "tests\HomeManagement.Gui.Tests\HomeManagement.Gui.Tests.csproj", "{F4A5B6C7-D8E9-0123-DE45-F067A1890124}"
EndProject
Project("{FAE04EC0-301F-11D3-BF4B-00C04F79EFBC}") = "HomeManagement.Transport.Tests", "tests\HomeManagement.Transport.Tests\HomeManagement.Transport.Tests.csproj", "{FAD5BE33-32F4-4861-959E-9173151CB4F3}"
EndProject
Project("{FAE04EC0-301F-11D3-BF4B-00C04F79EFBC}") = "HomeManagement.Core.Tests", "tests\HomeManagement.Core.Tests\HomeManagement.Core.Tests.csproj", "{85854470-79A8-475E-9B2E-40FE755FE505}"
EndProject
Project("{FAE04EC0-301F-11D3-BF4B-00C04F79EFBC}") = "HomeManagement.Data.SqlServer", "src\HomeManagement.Data.SqlServer\HomeManagement.Data.SqlServer.csproj", "{6610D382-3C88-4269-B98E-76B83CE88C05}"
EndProject
Project("{FAE04EC0-301F-11D3-BF4B-00C04F79EFBC}") = "HomeManagement.Auth", "src\HomeManagement.Auth\HomeManagement.Auth.csproj", "{71CAE974-37E6-451D-968A-41B3C6A76B8A}"
EndProject
Project("{FAE04EC0-301F-11D3-BF4B-00C04F79EFBC}") = "HomeManagement.Auth.Host", "src\HomeManagement.Auth.Host\HomeManagement.Auth.Host.csproj", "{5BFE717B-03D9-4988-AE0D-DCCEB5D6AD5E}"
EndProject
Project("{FAE04EC0-301F-11D3-BF4B-00C04F79EFBC}") = "HomeManagement.Broker.Host", "src\HomeManagement.Broker.Host\HomeManagement.Broker.Host.csproj", "{51730955-8F66-47A1-8CA3-241DDDBD3991}"
EndProject
Project("{FAE04EC0-301F-11D3-BF4B-00C04F79EFBC}") = "HomeManagement.Web", "src\HomeManagement.Web\HomeManagement.Web.csproj", "{1C92371A-FC7D-4B76-B1E1-2F99765D7D6F}"
EndProject
Project("{FAE04EC0-301F-11D3-BF4B-00C04F79EFBC}") = "HomeManagement.AgentGateway.Host", "src\HomeManagement.AgentGateway.Host\HomeManagement.AgentGateway.Host.csproj", "{26E8071E-D421-4BA2-B5B3-04341BA74171}"
EndProject
Project("{FAE04EC0-301F-11D3-BF4B-00C04F79EFBC}") = "HomeManagement.Gateway", "src\HomeManagement.Gateway\HomeManagement.Gateway.csproj", "{A7DBC4CA-6518-41D8-8A24-70053E785ED5}"
EndProject
Project("{FAE04EC0-301F-11D3-BF4B-00C04F79EFBC}") = "HomeManagement.Auth.Tests", "tests\HomeManagement.Auth.Tests\HomeManagement.Auth.Tests.csproj", "{CFAB635F-E39B-49DA-9A29-CCE60B9DD26C}"
EndProject
Project("{FAE04EC0-301F-11D3-BF4B-00C04F79EFBC}") = "HomeManagement.AgentGateway.Host.Tests", "tests\HomeManagement.AgentGateway.Host.Tests\HomeManagement.AgentGateway.Host.Tests.csproj", "{BBD20228-047D-4A64-8FBB-4DF5A93E0243}"
EndProject
Project("{FAE04EC0-301F-11D3-BF4B-00C04F79EFBC}") = "HomeManagement.Web.Tests", "tests\HomeManagement.Web.Tests\HomeManagement.Web.Tests.csproj", "{9D299DE7-4C7C-4565-8660-A649B440B09F}"
EndProject
Project("{FAE04EC0-301F-11D3-BF4B-00C04F79EFBC}") = "HomeManagement.Integration.Tests", "tests\HomeManagement.Integration.Tests\HomeManagement.Integration.Tests.csproj", "{9525BBE3-34C9-43E1-BFE2-346F62E78A79}"
EndProject
Project("{FAE04EC0-301F-11D3-BF4B-00C04F79EFBC}") = "HomeManagement.Inventory.Tests", "tests\HomeManagement.Inventory.Tests\HomeManagement.Inventory.Tests.csproj", "{F2CCBB12-8247-4D7D-ADD6-3C1E4DFBC0B5}"
EndProject
Project("{FAE04EC0-301F-11D3-BF4B-00C04F79EFBC}") = "HomeManagement.Patching.Tests", "tests\HomeManagement.Patching.Tests\HomeManagement.Patching.Tests.csproj", "{A6649F84-5B2E-4BD8-88BB-BA2BBCE2162B}"
EndProject
Project("{FAE04EC0-301F-11D3-BF4B-00C04F79EFBC}") = "HomeManagement.Services.Tests", "tests\HomeManagement.Services.Tests\HomeManagement.Services.Tests.csproj", "{4B8D6AFB-6CDF-444B-85C0-524767820AE1}"
EndProject
Project("{FAE04EC0-301F-11D3-BF4B-00C04F79EFBC}") = "HomeManagement.Vault.Tests", "tests\HomeManagement.Vault.Tests\HomeManagement.Vault.Tests.csproj", "{616B0C63-F766-42D4-A43F-702B6745EF71}"
EndProject
Project("{FAE04EC0-301F-11D3-BF4B-00C04F79EFBC}") = "HomeManagement.Auditing.Tests", "tests\HomeManagement.Auditing.Tests\HomeManagement.Auditing.Tests.csproj", "{08B38CEC-F46C-4E42-919E-B7D0DB9FB7C8}"
EndProject
Project("{FAE04EC0-301F-11D3-BF4B-00C04F79EFBC}") = "HomeManagement.Orchestration.Tests", "tests\HomeManagement.Orchestration.Tests\HomeManagement.Orchestration.Tests.csproj", "{D2F17711-94F8-4A5A-BF03-9EDBE8198618}"
EndProject
Project("{FAE04EC0-301F-11D3-BF4B-00C04F79EFBC}") = "HomeManagement.Platform.Tests", "tests\HomeManagement.Platform.Tests\HomeManagement.Platform.Tests.csproj", "{D76F3444-799D-4EFF-B93F-351657F9FD4C}"
EndProject
Project("{FAE04EC0-301F-11D3-BF4B-00C04F79EFBC}") = "HomeManagement.AI.Abstractions", "src\HomeManagement.AI.Abstractions\HomeManagement.AI.Abstractions.csproj", "{40D0A0E0-7F59-442F-BD66-54204A089BB9}"
EndProject
Project("{FAE04EC0-301F-11D3-BF4B-00C04F79EFBC}") = "HomeManagement.AI.Ollama", "src\HomeManagement.AI.Ollama\HomeManagement.AI.Ollama.csproj", "{EC6C6A01-D5A1-4364-813E-C171B345E1B5}"
EndProject
Project("{FAE04EC0-301F-11D3-BF4B-00C04F79EFBC}") = "HomeManagement.Automation", "src\HomeManagement.Automation\HomeManagement.Automation.csproj", "{8836B401-E1E5-4549-9B06-7119048D0243}"
EndProject
Project("{FAE04EC0-301F-11D3-BF4B-00C04F79EFBC}") = "HomeManagement.Automation.Tests", "tests\HomeManagement.Automation.Tests\HomeManagement.Automation.Tests.csproj", "{82AA6969-6006-4893-867D-FDF0AE236A80}"
EndProject
Project("{FAE04EC0-301F-11D3-BF4B-00C04F79EFBC}") = "HomeManagement.Integration.Action1", "src\HomeManagement.Integration.Action1\HomeManagement.Integration.Action1.csproj", "{0643B503-1DD4-4A5F-A045-FAC069C85A37}"
EndProject
Project("{FAE04EC0-301F-11D3-BF4B-00C04F79EFBC}") = "HomeManagement.Integration.Prometheus", "src\HomeManagement.Integration.Prometheus\HomeManagement.Integration.Prometheus.csproj", "{50B53C1F-375E-4B92-8887-08B964AA8F2F}"
EndProject
Global
	GlobalSection(SolutionConfigurationPlatforms) = preSolution
		Debug|Any CPU = Debug|Any CPU
		Debug|x64 = Debug|x64
		Debug|x86 = Debug|x86
		Release|Any CPU = Release|Any CPU
		Release|x64 = Release|x64
		Release|x86 = Release|x86
	EndGlobalSection
	GlobalSection(ProjectConfigurationPlatforms) = postSolution
		{B4AFFC6B-F69E-9088-B34D-5D1AB0DE0D17}.Debug|Any CPU.ActiveCfg = Debug|Any CPU
		{B4AFFC6B-F69E-9088-B34D-5D1AB0DE0D17}.Debug|Any CPU.Build.0 = Debug|Any CPU
		{B4AFFC6B-F69E-9088-B34D-5D1AB0DE0D17}.Debug|x64.ActiveCfg = Debug|Any CPU
		{B4AFFC6B-F69E-9088-B34D-5D1AB0DE0D17}.Debug|x64.Build.0 = Debug|Any CPU
		{B4AFFC6B-F69E-9088-B34D-5D1AB0DE0D17}.Debug|x86.ActiveCfg = Debug|Any CPU
		{B4AFFC6B-F69E-9088-B34D-5D1AB0DE0D17}.Debug|x86.Build.0 = Debug|Any CPU
		{B4AFFC6B-F69E-9088-B34D-5D1AB0DE0D17}.Release|Any CPU.ActiveCfg = Release|Any CPU
		{B4AFFC6B-F69E-9088-B34D-5D1AB0DE0D17}.Release|Any CPU.Build.0 = Release|Any CPU
		{B4AFFC6B-F69E-9088-B34D-5D1AB0DE0D17}.Release|x64.ActiveCfg = Release|Any CPU
		{B4AFFC6B-F69E-9088-B34D-5D1AB0DE0D17}.Release|x64.Build.0 = Release|Any CPU
		{B4AFFC6B-F69E-9088-B34D-5D1AB0DE0D17}.Release|x86.ActiveCfg = Release|Any CPU
		{B4AFFC6B-F69E-9088-B34D-5D1AB0DE0D17}.Release|x86.Build.0 = Release|Any CPU
		{9C95BDEC-D96C-48C4-BFDA-067C5B5D4944}.Debug|Any CPU.ActiveCfg = Debug|Any CPU
		{9C95BDEC-D96C-48C4-BFDA-067C5B5D4944}.Debug|Any CPU.Build.0 = Debug|Any CPU
		{9C95BDEC-D96C-48C4-BFDA-067C5B5D4944}.Debug|x64.ActiveCfg = Debug|Any CPU
		{9C95BDEC-D96C-48C4-BFDA-067C5B5D4944}.Debug|x64.Build.0 = Debug|Any CPU
		{9C95BDEC-D96C-48C4-BFDA-067C5B5D4944}.Debug|x86.ActiveCfg = Debug|Any CPU
		{9C95BDEC-D96C-48C4-BFDA-067C5B5D4944}.Debug|x86.Build.0 = Debug|Any CPU
		{9C95BDEC-D96C-48C4-BFDA-067C5B5D4944}.Release|Any CPU.ActiveCfg = Release|Any CPU
		{9C95BDEC-D96C-48C4-BFDA-067C5B5D4944}.Release|Any CPU.Build.0 = Release|Any CPU
		{9C95BDEC-D96C-48C4-BFDA-067C5B5D4944}.Release|x64.ActiveCfg = Release|Any CPU
		{9C95BDEC-D96C-48C4-BFDA-067C5B5D4944}.Release|x64.Build.0 = Release|Any CPU
		{9C95BDEC-D96C-48C4-BFDA-067C5B5D4944}.Release|x86.ActiveCfg = Release|Any CPU
		{9C95BDEC-D96C-48C4-BFDA-067C5B5D4944}.Release|x86.Build.0 = Release|Any CPU
		{476022C7-261A-4E2D-9CD0-E9F6EEBDC3F4}.Debug|Any CPU.ActiveCfg = Debug|Any CPU
		{476022C7-261A-4E2D-9CD0-E9F6EEBDC3F4}.Debug|Any CPU.Build.0 = Debug|Any CPU
		{476022C7-261A-4E2D-9CD0-E9F6EEBDC3F4}.Debug|x64.ActiveCfg = Debug|Any CPU
		{476022C7-261A-4E2D-9CD0-E9F6EEBDC3F4}.Debug|x64.Build.0 = Debug|Any CPU
		{476022C7-261A-4E2D-9CD0-E9F6EEBDC3F4}.Debug|x86.ActiveCfg = Debug|Any CPU
		{476022C7-261A-4E2D-9CD0-E9F6EEBDC3F4}.Debug|x86.Build.0 = Debug|Any CPU
		{476022C7-261A-4E2D-9CD0-E9F6EEBDC3F4}.Release|Any CPU.ActiveCfg = Release|Any CPU
		{476022C7-261A-4E2D-9CD0-E9F6EEBDC3F4}.Release|Any CPU.Build.0 = Release|Any CPU
		{476022C7-261A-4E2D-9CD0-E9F6EEBDC3F4}.Release|x64.ActiveCfg = Release|Any CPU
		{476022C7-261A-4E2D-9CD0-E9F6EEBDC3F4}.Release|x64.Build.0 = Release|Any CPU
		{476022C7-261A-4E2D-9CD0-E9F6EEBDC3F4}.Release|x86.ActiveCfg = Release|Any CPU
		{476022C7-261A-4E2D-9CD0-E9F6EEBDC3F4}.Release|x86.Build.0 = Release|Any CPU
		{D95FE421-7509-49E3-AD6B-EA29EC115CBB}.Debug|Any CPU.ActiveCfg = Debug|Any CPU
		{D95FE421-7509-49E3-AD6B-EA29EC115CBB}.Debug|Any CPU.Build.0 = Debug|Any CPU
		{D95FE421-7509-49E3-AD6B-EA29EC115CBB}.Debug|x64.ActiveCfg = Debug|Any CPU
		{D95FE421-7509-49E3-AD6B-EA29EC115CBB}.Debug|x64.Build.0 = Debug|Any CPU
		{D95FE421-7509-49E3-AD6B-EA29EC115CBB}.Debug|x86.ActiveCfg = Debug|Any CPU
		{D95FE421-7509-49E3-AD6B-EA29EC115CBB}.Debug|x86.Build.0 = Debug|Any CPU
		{D95FE421-7509-49E3-AD6B-EA29EC115CBB}.Release|Any CPU.ActiveCfg = Release|Any CPU
		{D95FE421-7509-49E3-AD6B-EA29EC115CBB}.Release|Any CPU.Build.0 = Release|Any CPU
		{D95FE421-7509-49E3-AD6B-EA29EC115CBB}.Release|x64.ActiveCfg = Release|Any CPU
		{D95FE421-7509-49E3-AD6B-EA29EC115CBB}.Release|x64.Build.0 = Release|Any CPU
		{D95FE421-7509-49E3-AD6B-EA29EC115CBB}.Release|x86.ActiveCfg = Release|Any CPU
		{D95FE421-7509-49E3-AD6B-EA29EC115CBB}.Release|x86.Build.0 = Release|Any CPU
		{EE7E11C8-4582-4114-8BC5-63177B215BC8}.Debug|Any CPU.ActiveCfg = Debug|Any CPU
		{EE7E11C8-4582-4114-8BC5-63177B215BC8}.Debug|Any CPU.Build.0 = Debug|Any CPU
		{EE7E11C8-4582-4114-8BC5-63177B215BC8}.Debug|x64.ActiveCfg = Debug|Any CPU
		{EE7E11C8-4582-4114-8BC5-63177B215BC8}.Debug|x64.Build.0 = Debug|Any CPU
		{EE7E11C8-4582-4114-8BC5-63177B215BC8}.Debug|x86.ActiveCfg = Debug|Any CPU
		{EE7E11C8-4582-4114-8BC5-63177B215BC8}.Debug|x86.Build.0 = Debug|Any CPU
		{EE7E11C8-4582-4114-8BC5-63177B215BC8}.Release|Any CPU.ActiveCfg = Release|Any CPU
		{EE7E11C8-4582-4114-8BC5-63177B215BC8}.Release|Any CPU.Build.0 = Release|Any CPU
		{EE7E11C8-4582-4114-8BC5-63177B215BC8}.Release|x64.ActiveCfg = Release|Any CPU
		{EE7E11C8-4582-4114-8BC5-63177B215BC8}.Release|x64.Build.0 = Release|Any CPU
		{EE7E11C8-4582-4114-8BC5-63177B215BC8}.Release|x86.ActiveCfg = Release|Any CPU
		{EE7E11C8-4582-4114-8BC5-63177B215BC8}.Release|x86.Build.0 = Release|Any CPU
		{D3DEBAC3-C6CB-4A7D-9F63-91D4948C906C}.Debug|Any CPU.ActiveCfg = Debug|Any CPU
		{D3DEBAC3-C6CB-4A7D-9F63-91D4948C906C}.Debug|Any CPU.Build.0 = Debug|Any CPU
		{D3DEBAC3-C6CB-4A7D-9F63-91D4948C906C}.Debug|x64.ActiveCfg = Debug|Any CPU
		{D3DEBAC3-C6CB-4A7D-9F63-91D4948C906C}.Debug|x64.Build.0 = Debug|Any CPU
		{D3DEBAC3-C6CB-4A7D-9F63-91D4948C906C}.Debug|x86.ActiveCfg = Debug|Any CPU
		{D3DEBAC3-C6CB-4A7D-9F63-91D4948C906C}.Debug|x86.Build.0 = Debug|Any CPU
		{D3DEBAC3-C6CB-4A7D-9F63-91D4948C906C}.Release|Any CPU.ActiveCfg = Release|Any CPU
		{D3DEBAC3-C6CB-4A7D-9F63-91D4948C906C}.Release|Any CPU.Build.0 = Release|Any CPU
		{D3DEBAC3-C6CB-4A7D-9F63-91D4948C906C}.Release|x64.ActiveCfg = Release|Any CPU
		{D3DEBAC3-C6CB-4A7D-9F63-91D4948C906C}.Release|x64.Build.0 = Release|Any CPU
		{D3DEBAC3-C6CB-4A7D-9F63-91D4948C906C}.Release|x86.ActiveCfg = Release|Any CPU
		{D3DEBAC3-C6CB-4A7D-9F63-91D4948C906C}.Release|x86.Build.0 = Release|Any CPU
		{CCEF7277-1407-41E0-9263-006F44A3BA3E}.Debug|Any CPU.ActiveCfg = Debug|Any CPU
		{CCEF7277-1407-41E0-9263-006F44A3BA3E}.Debug|Any CPU.Build.0 = Debug|Any CPU
		{CCEF7277-1407-41E0-9263-006F44A3BA3E}.Debug|x64.ActiveCfg = Debug|Any CPU
		{CCEF7277-1407-41E0-9263-006F44A3BA3E}.Debug|x64.Build.0 = Debug|Any CPU
		{CCEF7277-1407-41E0-9263-006F44A3BA3E}.Debug|x86.ActiveCfg = Debug|Any CPU
		{CCEF7277-1407-41E0-9263-006F44A3BA3E}.Debug|x86.Build.0 = Debug|Any CPU
		{CCEF7277-1407-41E0-9263-006F44A3BA3E}.Release|Any CPU.ActiveCfg = Release|Any CPU
		{CCEF7277-1407-41E0-9263-006F44A3BA3E}.Release|Any CPU.Build.0 = Release|Any CPU
		{CCEF7277-1407-41E0-9263-006F44A3BA3E}.Release|x64.ActiveCfg = Release|Any CPU
		{CCEF7277-1407-41E0-9263-006F44A3BA3E}.Release|x64.Build.0 = Release|Any CPU
		{CCEF7277-1407-41E0-9263-006F44A3BA3E}.Release|x86.ActiveCfg = Release|Any CPU
		{CCEF7277-1407-41E0-9263-006F44A3BA3E}.Release|x86.Build.0 = Release|Any CPU
		{9BD256B8-FEED-4E0D-9D84-F592A8EF2B78}.Debug|Any CPU.ActiveCfg = Debug|Any CPU
		{9BD256B8-FEED-4E0D-9D84-F592A8EF2B78}.Debug|Any CPU.Build.0 = Debug|Any CPU
		{9BD256B8-FEED-4E0D-9D84-F592A8EF2B78}.Debug|x64.ActiveCfg = Debug|Any CPU
		{9BD256B8-FEED-4E0D-9D84-F592A8EF2B78}.Debug|x64.Build.0 = Debug|Any CPU
		{9BD256B8-FEED-4E0D-9D84-F592A8EF2B78}.Debug|x86.ActiveCfg = Debug|Any CPU
		{9BD256B8-FEED-4E0D-9D84-F592A8EF2B78}.Debug|x86.Build.0 = Debug|Any CPU
		{9BD256B8-FEED-4E0D-9D84-F592A8EF2B78}.Release|Any CPU.ActiveCfg = Release|Any CPU
		{9BD256B8-FEED-4E0D-9D84-F592A8EF2B78}.Release|Any CPU.Build.0 = Release|Any CPU
		{9BD256B8-FEED-4E0D-9D84-F592A8EF2B78}.Release|x64.ActiveCfg = Release|Any CPU
		{9BD256B8-FEED-4E0D-9D84-F592A8EF2B78}.Release|x64.Build.0 = Release|Any CPU
		{9BD256B8-FEED-4E0D-9D84-F592A8EF2B78}.Release|x86.ActiveCfg = Release|Any CPU
		{9BD256B8-FEED-4E0D-9D84-F592A8EF2B78}.Release|x86.Build.0 = Release|Any CPU
		{9BFDE6FC-065A-4E87-8CA7-E75624B3FC04}.Debug|Any CPU.ActiveCfg = Debug|Any CPU
		{9BFDE6FC-065A-4E87-8CA7-E75624B3FC04}.Debug|Any CPU.Build.0 = Debug|Any CPU
		{9BFDE6FC-065A-4E87-8CA7-E75624B3FC04}.Debug|x64.ActiveCfg = Debug|Any CPU
		{9BFDE6FC-065A-4E87-8CA7-E75624B3FC04}.Debug|x64.Build.0 = Debug|Any CPU
		{9BFDE6FC-065A-4E87-8CA7-E75624B3FC04}.Debug|x86.ActiveCfg = Debug|Any CPU
		{9BFDE6FC-065A-4E87-8CA7-E75624B3FC04}.Debug|x86.Build.0 = Debug|Any CPU
		{9BFDE6FC-065A-4E87-8CA7-E75624B3FC04}.Release|Any CPU.ActiveCfg = Release|Any CPU
		{9BFDE6FC-065A-4E87-8CA7-E75624B3FC04}.Release|Any CPU.Build.0 = Release|Any CPU
		{9BFDE6FC-065A-4E87-8CA7-E75624B3FC04}.Release|x64.ActiveCfg = Release|Any CPU
		{9BFDE6FC-065A-4E87-8CA7-E75624B3FC04}.Release|x64.Build.0 = Release|Any CPU
		{9BFDE6FC-065A-4E87-8CA7-E75624B3FC04}.Release|x86.ActiveCfg = Release|Any CPU
		{9BFDE6FC-065A-4E87-8CA7-E75624B3FC04}.Release|x86.Build.0 = Release|Any CPU
		{1251B3AA-47CC-4347-B066-F201F28570E0}.Debug|Any CPU.ActiveCfg = Debug|Any CPU
		{1251B3AA-47CC-4347-B066-F201F28570E0}.Debug|Any CPU.Build.0 = Debug|Any CPU
		{1251B3AA-47CC-4347-B066-F201F28570E0}.Debug|x64.ActiveCfg = Debug|Any CPU
		{1251B3AA-47CC-4347-B066-F201F28570E0}.Debug|x64.Build.0 = Debug|Any CPU
		{1251B3AA-47CC-4347-B066-F201F28570E0}.Debug|x86.ActiveCfg = Debug|Any CPU
		{1251B3AA-47CC-4347-B066-F201F28570E0}.Debug|x86.Build.0 = Debug|Any CPU
		{1251B3AA-47CC-4347-B066-F201F28570E0}.Release|Any CPU.ActiveCfg = Release|Any CPU
		{1251B3AA-47CC-4347-B066-F201F28570E0}.Release|Any CPU.Build.0 = Release|Any CPU
		{1251B3AA-47CC-4347-B066-F201F28570E0}.Release|x64.ActiveCfg = Release|Any CPU
		{1251B3AA-47CC-4347-B066-F201F28570E0}.Release|x64.Build.0 = Release|Any CPU
		{1251B3AA-47CC-4347-B066-F201F28570E0}.Release|x86.ActiveCfg = Release|Any CPU
		{1251B3AA-47CC-4347-B066-F201F28570E0}.Release|x86.Build.0 = Release|Any CPU
		{992AA43F-8D1D-4E3C-8671-813BDCB4704A}.Debug|Any CPU.ActiveCfg = Debug|Any CPU
		{992AA43F-8D1D-4E3C-8671-813BDCB4704A}.Debug|Any CPU.Build.0 = Debug|Any CPU
		{992AA43F-8D1D-4E3C-8671-813BDCB4704A}.Debug|x64.ActiveCfg = Debug|Any CPU
		{992AA43F-8D1D-4E3C-8671-813BDCB4704A}.Debug|x64.Build.0 = Debug|Any CPU
		{992AA43F-8D1D-4E3C-8671-813BDCB4704A}.Debug|x86.ActiveCfg = Debug|Any CPU
		{992AA43F-8D1D-4E3C-8671-813BDCB4704A}.Debug|x86.Build.0 = Debug|Any CPU
		{992AA43F-8D1D-4E3C-8671-813BDCB4704A}.Release|Any CPU.ActiveCfg = Release|Any CPU
		{992AA43F-8D1D-4E3C-8671-813BDCB4704A}.Release|Any CPU.Build.0 = Release|Any CPU
		{992AA43F-8D1D-4E3C-8671-813BDCB4704A}.Release|x64.ActiveCfg = Release|Any CPU
		{992AA43F-8D1D-4E3C-8671-813BDCB4704A}.Release|x64.Build.0 = Release|Any CPU
		{992AA43F-8D1D-4E3C-8671-813BDCB4704A}.Release|x86.ActiveCfg = Release|Any CPU
		{992AA43F-8D1D-4E3C-8671-813BDCB4704A}.Release|x86.Build.0 = Release|Any CPU
		{95989627-6109-4510-9411-300B990CA459}.Debug|Any CPU.ActiveCfg = Debug|Any CPU
		{95989627-6109-4510-9411-300B990CA459}.Debug|Any CPU.Build.0 = Debug|Any CPU
		{95989627-6109-4510-9411-300B990CA459}.Debug|x64.ActiveCfg = Debug|Any CPU
		{95989627-6109-4510-9411-300B990CA459}.Debug|x64.Build.0 = Debug|Any CPU
		{95989627-6109-4510-9411-300B990CA459}.Debug|x86.ActiveCfg = Debug|Any CPU
		{95989627-6109-4510-9411-300B990CA459}.Debug|x86.Build.0 = Debug|Any CPU
		{95989627-6109-4510-9411-300B990CA459}.Release|Any CPU.ActiveCfg = Release|Any CPU
		{95989627-6109-4510-9411-300B990CA459}.Release|Any CPU.Build.0 = Release|Any CPU
		{95989627-6109-4510-9411-300B990CA459}.Release|x64.ActiveCfg = Release|Any CPU
		{95989627-6109-4510-9411-300B990CA459}.Release|x64.Build.0 = Release|Any CPU
		{95989627-6109-4510-9411-300B990CA459}.Release|x86.ActiveCfg = Release|Any CPU
		{95989627-6109-4510-9411-300B990CA459}.Release|x86.Build.0 = Release|Any CPU
		{F1A2B3C4-D5E6-7890-AB12-CD34EF567891}.Debug|Any CPU.ActiveCfg = Debug|Any CPU
		{F1A2B3C4-D5E6-7890-AB12-CD34EF567891}.Debug|Any CPU.Build.0 = Debug|Any CPU
		{F1A2B3C4-D5E6-7890-AB12-CD34EF567891}.Debug|x64.ActiveCfg = Debug|Any CPU
		{F1A2B3C4-D5E6-7890-AB12-CD34EF567891}.Debug|x64.Build.0 = Debug|Any CPU
		{F1A2B3C4-D5E6-7890-AB12-CD34EF567891}.Debug|x86.ActiveCfg = Debug|Any CPU
		{F1A2B3C4-D5E6-7890-AB12-CD34EF567891}.Debug|x86.Build.0 = Debug|Any CPU
		{F1A2B3C4-D5E6-7890-AB12-CD34EF567891}.Release|Any CPU.ActiveCfg = Release|Any CPU
		{F1A2B3C4-D5E6-7890-AB12-CD34EF567891}.Release|Any CPU.Build.0 = Release|Any CPU
		{F1A2B3C4-D5E6-7890-AB12-CD34EF567891}.Release|x64.ActiveCfg = Release|Any CPU
		{F1A2B3C4-D5E6-7890-AB12-CD34EF567891}.Release|x64.Build.0 = Release|Any CPU
		{F1A2B3C4-D5E6-7890-AB12-CD34EF567891}.Release|x86.ActiveCfg = Release|Any CPU
		{F1A2B3C4-D5E6-7890-AB12-CD34EF567891}.Release|x86.Build.0 = Release|Any CPU
		{F2A3B4C5-D6E7-8901-BC23-DE45EF678902}.Debug|Any CPU.ActiveCfg = Debug|Any CPU
		{F2A3B4C5-D6E7-8901-BC23-DE45EF678902}.Debug|Any CPU.Build.0 = Debug|Any CPU
		{F2A3B4C5-D6E7-8901-BC23-DE45EF678902}.Debug|x64.ActiveCfg = Debug|Any CPU
		{F2A3B4C5-D6E7-8901-BC23-DE45EF678902}.Debug|x64.Build.0 = Debug|Any CPU
		{F2A3B4C5-D6E7-8901-BC23-DE45EF678902}.Debug|x86.ActiveCfg = Debug|Any CPU
		{F2A3B4C5-D6E7-8901-BC23-DE45EF678902}.Debug|x86.Build.0 = Debug|Any CPU
		{F2A3B4C5-D6E7-8901-BC23-DE45EF678902}.Release|Any CPU.ActiveCfg = Release|Any CPU
		{F2A3B4C5-D6E7-8901-BC23-DE45EF678902}.Release|Any CPU.Build.0 = Release|Any CPU
		{F2A3B4C5-D6E7-8901-BC23-DE45EF678902}.Release|x64.ActiveCfg = Release|Any CPU
		{F2A3B4C5-D6E7-8901-BC23-DE45EF678902}.Release|x64.Build.0 = Release|Any CPU
		{F2A3B4C5-D6E7-8901-BC23-DE45EF678902}.Release|x86.ActiveCfg = Release|Any CPU
		{F2A3B4C5-D6E7-8901-BC23-DE45EF678902}.Release|x86.Build.0 = Release|Any CPU
		{F3A4B5C6-D7E8-9012-CD34-EF56F0789013}.Debug|Any CPU.ActiveCfg = Debug|Any CPU
		{F3A4B5C6-D7E8-9012-CD34-EF56F0789013}.Debug|Any CPU.Build.0 = Debug|Any CPU
		{F3A4B5C6-D7E8-9012-CD34-EF56F0789013}.Debug|x64.ActiveCfg = Debug|Any CPU
		{F3A4B5C6-D7E8-9012-CD34-EF56F0789013}.Debug|x64.Build.0 = Debug|Any CPU
		{F3A4B5C6-D7E8-9012-CD34-EF56F0789013}.Debug|x86.ActiveCfg = Debug|Any CPU
		{F3A4B5C6-D7E8-9012-CD34-EF56F0789013}.Debug|x86.Build.0 = Debug|Any CPU
		{F3A4B5C6-D7E8-9012-CD34-EF56F0789013}.Release|Any CPU.ActiveCfg = Release|Any CPU
		{F3A4B5C6-D7E8-9012-CD34-EF56F0789013}.Release|Any CPU.Build.0 = Release|Any CPU
		{F3A4B5C6-D7E8-9012-CD34-EF56F0789013}.Release|x64.ActiveCfg = Release|Any CPU
		{F3A4B5C6-D7E8-9012-CD34-EF56F0789013}.Release|x64.Build.0 = Release|Any CPU
		{F3A4B5C6-D7E8-9012-CD34-EF56F0789013}.Release|x86.ActiveCfg = Release|Any CPU
		{F3A4B5C6-D7E8-9012-CD34-EF56F0789013}.Release|x86.Build.0 = Release|Any CPU
		{F4A5B6C7-D8E9-0123-DE45-F067A1890124}.Debug|Any CPU.ActiveCfg = Debug|Any CPU
		{F4A5B6C7-D8E9-0123-DE45-F067A1890124}.Debug|Any CPU.Build.0 = Debug|Any CPU
		{F4A5B6C7-D8E9-0123-DE45-F067A1890124}.Debug|x64.ActiveCfg = Debug|Any CPU
		{F4A5B6C7-D8E9-0123-DE45-F067A1890124}.Debug|x64.Build.0 = Debug|Any CPU
		{F4A5B6C7-D8E9-0123-DE45-F067A1890124}.Debug|x86.ActiveCfg = Debug|Any CPU
		{F4A5B6C7-D8E9-0123-DE45-F067A1890124}.Debug|x86.Build.0 = Debug|Any CPU
		{F4A5B6C7-D8E9-0123-DE45-F067A1890124}.Release|Any CPU.ActiveCfg = Release|Any CPU
		{F4A5B6C7-D8E9-0123-DE45-F067A1890124}.Release|Any CPU.Build.0 = Release|Any CPU
		{F4A5B6C7-D8E9-0123-DE45-F067A1890124}.Release|x64.ActiveCfg = Release|Any CPU
		{F4A5B6C7-D8E9-0123-DE45-F067A1890124}.Release|x64.Build.0 = Release|Any CPU
		{F4A5B6C7-D8E9-0123-DE45-F067A1890124}.Release|x86.ActiveCfg = Release|Any CPU
		{F4A5B6C7-D8E9-0123-DE45-F067A1890124}.Release|x86.Build.0 = Release|Any CPU
		{FAD5BE33-32F4-4861-959E-9173151CB4F3}.Debug|Any CPU.ActiveCfg = Debug|Any CPU
		{FAD5BE33-32F4-4861-959E-9173151CB4F3}.Debug|Any CPU.Build.0 = Debug|Any CPU
		{FAD5BE33-32F4-4861-959E-9173151CB4F3}.Debug|x64.ActiveCfg = Debug|Any CPU
		{FAD5BE33-32F4-4861-959E-9173151CB4F3}.Debug|x64.Build.0 = Debug|Any CPU
		{FAD5BE33-32F4-4861-959E-9173151CB4F3}.Debug|x86.ActiveCfg = Debug|Any CPU
		{FAD5BE33-32F4-4861-959E-9173151CB4F3}.Debug|x86.Build.0 = Debug|Any CPU
		{FAD5BE33-32F4-4861-959E-9173151CB4F3}.Release|Any CPU.ActiveCfg = Release|Any CPU
		{FAD5BE33-32F4-4861-959E-9173151CB4F3}.Release|Any CPU.Build.0 = Release|Any CPU
		{FAD5BE33-32F4-4861-959E-9173151CB4F3}.Release|x64.ActiveCfg = Release|Any CPU
		{FAD5BE33-32F4-4861-959E-9173151CB4F3}.Release|x64.Build.0 = Release|Any CPU
		{FAD5BE33-32F4-4861-959E-9173151CB4F3}.Release|x86.ActiveCfg = Release|Any CPU
		{FAD5BE33-32F4-4861-959E-9173151CB4F3}.Release|x86.Build.0 = Release|Any CPU
		{85854470-79A8-475E-9B2E-40FE755FE505}.Debug|Any CPU.ActiveCfg = Debug|Any CPU
		{85854470-79A8-475E-9B2E-40FE755FE505}.Debug|Any CPU.Build.0 = Debug|Any CPU
		{85854470-79A8-475E-9B2E-40FE755FE505}.Debug|x64.ActiveCfg = Debug|Any CPU
		{85854470-79A8-475E-9B2E-40FE755FE505}.Debug|x64.Build.0 = Debug|Any CPU
		{85854470-79A8-475E-9B2E-40FE755FE505}.Debug|x86.ActiveCfg = Debug|Any CPU
		{85854470-79A8-475E-9B2E-40FE755FE505}.Debug|x86.Build.0 = Debug|Any CPU
		{85854470-79A8-475E-9B2E-40FE755FE505}.Release|Any CPU.ActiveCfg = Release|Any CPU
		{85854470-79A8-475E-9B2E-40FE755FE505}.Release|Any CPU.Build.0 = Release|Any CPU
		{85854470-79A8-475E-9B2E-40FE755FE505}.Release|x64.ActiveCfg = Release|Any CPU
		{85854470-79A8-475E-9B2E-40FE755FE505}.Release|x64.Build.0 = Release|Any CPU
		{85854470-79A8-475E-9B2E-40FE755FE505}.Release|x86.ActiveCfg = Release|Any CPU
		{85854470-79A8-475E-9B2E-40FE755FE505}.Release|x86.Build.0 = Release|Any CPU
		{6610D382-3C88-4269-B98E-76B83CE88C05}.Debug|Any CPU.ActiveCfg = Debug|Any CPU
		{6610D382-3C88-4269-B98E-76B83CE88C05}.Debug|Any CPU.Build.0 = Debug|Any CPU
		{6610D382-3C88-4269-B98E-76B83CE88C05}.Debug|x64.ActiveCfg = Debug|Any CPU
		{6610D382-3C88-4269-B98E-76B83CE88C05}.Debug|x64.Build.0 = Debug|Any CPU
		{6610D382-3C88-4269-B98E-76B83CE88C05}.Debug|x86.ActiveCfg = Debug|Any CPU
		{6610D382-3C88-4269-B98E-76B83CE88C05}.Debug|x86.Build.0 = Debug|Any CPU
		{6610D382-3C88-4269-B98E-76B83CE88C05}.Release|Any CPU.ActiveCfg = Release|Any CPU
		{6610D382-3C88-4269-B98E-76B83CE88C05}.Release|Any CPU.Build.0 = Release|Any CPU
		{6610D382-3C88-4269-B98E-76B83CE88C05}.Release|x64.ActiveCfg = Release|Any CPU
		{6610D382-3C88-4269-B98E-76B83CE88C05}.Release|x64.Build.0 = Release|Any CPU
		{6610D382-3C88-4269-B98E-76B83CE88C05}.Release|x86.ActiveCfg = Release|Any CPU
		{6610D382-3C88-4269-B98E-76B83CE88C05}.Release|x86.Build.0 = Release|Any CPU
		{71CAE974-37E6-451D-968A-41B3C6A76B8A}.Debug|Any CPU.ActiveCfg = Debug|Any CPU
		{71CAE974-37E6-451D-968A-41B3C6A76B8A}.Debug|Any CPU.Build.0 = Debug|Any CPU
		{71CAE974-37E6-451D-968A-41B3C6A76B8A}.Debug|x64.ActiveCfg = Debug|Any CPU
		{71CAE974-37E6-451D-968A-41B3C6A76B8A}.Debug|x64.Build.0 = Debug|Any CPU
		{71CAE974-37E6-451D-968A-41B3C6A76B8A}.Debug|x86.ActiveCfg = Debug|Any CPU
		{71CAE974-37E6-451D-968A-41B3C6A76B8A}.Debug|x86.Build.0 = Debug|Any CPU
		{71CAE974-37E6-451D-968A-41B3C6A76B8A}.Release|Any CPU.ActiveCfg = Release|Any CPU
		{71CAE974-37E6-451D-968A-41B3C6A76B8A}.Release|Any CPU.Build.0 = Release|Any CPU
		{71CAE974-37E6-451D-968A-41B3C6A76B8A}.Release|x64.ActiveCfg = Release|Any CPU
		{71CAE974-37E6-451D-968A-41B3C6A76B8A}.Release|x64.Build.0 = Release|Any CPU
		{71CAE974-37E6-451D-968A-41B3C6A76B8A}.Release|x86.ActiveCfg = Release|Any CPU
		{71CAE974-37E6-451D-968A-41B3C6A76B8A}.Release|x86.Build.0 = Release|Any CPU
		{5BFE717B-03D9-4988-AE0D-DCCEB5D6AD5E}.Debug|Any CPU.ActiveCfg = Debug|Any CPU
		{5BFE717B-03D9-4988-AE0D-DCCEB5D6AD5E}.Debug|Any CPU.Build.0 = Debug|Any CPU
		{5BFE717B-03D9-4988-AE0D-DCCEB5D6AD5E}.Debug|x64.ActiveCfg = Debug|Any CPU
		{5BFE717B-03D9-4988-AE0D-DCCEB5D6AD5E}.Debug|x64.Build.0 = Debug|Any CPU
		{5BFE717B-03D9-4988-AE0D-DCCEB5D6AD5E}.Debug|x86.ActiveCfg = Debug|Any CPU
		{5BFE717B-03D9-4988-AE0D-DCCEB5D6AD5E}.Debug|x86.Build.0 = Debug|Any CPU
		{5BFE717B-03D9-4988-AE0D-DCCEB5D6AD5E}.Release|Any CPU.ActiveCfg = Release|Any CPU
		{5BFE717B-03D9-4988-AE0D-DCCEB5D6AD5E}.Release|Any CPU.Build.0 = Release|Any CPU
		{5BFE717B-03D9-4988-AE0D-DCCEB5D6AD5E}.Release|x64.ActiveCfg = Release|Any CPU
		{5BFE717B-03D9-4988-AE0D-DCCEB5D6AD5E}.Release|x64.Build.0 = Release|Any CPU
		{5BFE717B-03D9-4988-AE0D-DCCEB5D6AD5E}.Release|x86.ActiveCfg = Release|Any CPU
		{5BFE717B-03D9-4988-AE0D-DCCEB5D6AD5E}.Release|x86.Build.0 = Release|Any CPU
		{51730955-8F66-47A1-8CA3-241DDDBD3991}.Debug|Any CPU.ActiveCfg = Debug|Any CPU
		{51730955-8F66-47A1-8CA3-241DDDBD3991}.Debug|Any CPU.Build.0 = Debug|Any CPU
		{51730955-8F66-47A1-8CA3-241DDDBD3991}.Debug|x64.ActiveCfg = Debug|Any CPU
		{51730955-8F66-47A1-8CA3-241DDDBD3991}.Debug|x64.Build.0 = Debug|Any CPU
		{51730955-8F66-47A1-8CA3-241DDDBD3991}.Debug|x86.ActiveCfg = Debug|Any CPU
		{51730955-8F66-47A1-8CA3-241DDDBD3991}.Debug|x86.Build.0 = Debug|Any CPU
		{51730955-8F66-47A1-8CA3-241DDDBD3991}.Release|Any CPU.ActiveCfg = Release|Any CPU
		{51730955-8F66-47A1-8CA3-241DDDBD3991}.Release|Any CPU.Build.0 = Release|Any CPU
		{51730955-8F66-47A1-8CA3-241DDDBD3991}.Release|x64.ActiveCfg = Release|Any CPU
		{51730955-8F66-47A1-8CA3-241DDDBD3991}.Release|x64.Build.0 = Release|Any CPU
		{51730955-8F66-47A1-8CA3-241DDDBD3991}.Release|x86.ActiveCfg = Release|Any CPU
		{51730955-8F66-47A1-8CA3-241DDDBD3991}.Release|x86.Build.0 = Release|Any CPU
		{1C92371A-FC7D-4B76-B1E1-2F99765D7D6F}.Debug|Any CPU.ActiveCfg = Debug|Any CPU
		{1C92371A-FC7D-4B76-B1E1-2F99765D7D6F}.Debug|Any CPU.Build.0 = Debug|Any CPU
		{1C92371A-FC7D-4B76-B1E1-2F99765D7D6F}.Debug|x64.ActiveCfg = Debug|Any CPU
		{1C92371A-FC7D-4B76-B1E1-2F99765D7D6F}.Debug|x64.Build.0 = Debug|Any CPU
		{1C92371A-FC7D-4B76-B1E1-2F99765D7D6F}.Debug|x86.ActiveCfg = Debug|Any CPU
		{1C92371A-FC7D-4B76-B1E1-2F99765D7D6F}.Debug|x86.Build.0 = Debug|Any CPU
		{1C92371A-FC7D-4B76-B1E1-2F99765D7D6F}.Release|Any CPU.ActiveCfg = Release|Any CPU
		{1C92371A-FC7D-4B76-B1E1-2F99765D7D6F}.Release|Any CPU.Build.0 = Release|Any CPU
		{1C92371A-FC7D-4B76-B1E1-2F99765D7D6F}.Release|x64.ActiveCfg = Release|Any CPU
		{1C92371A-FC7D-4B76-B1E1-2F99765D7D6F}.Release|x64.Build.0 = Release|Any CPU
		{1C92371A-FC7D-4B76-B1E1-2F99765D7D6F}.Release|x86.ActiveCfg = Release|Any CPU
		{1C92371A-FC7D-4B76-B1E1-2F99765D7D6F}.Release|x86.Build.0 = Release|Any CPU
		{26E8071E-D421-4BA2-B5B3-04341BA74171}.Debug|Any CPU.ActiveCfg = Debug|Any CPU
		{26E8071E-D421-4BA2-B5B3-04341BA74171}.Debug|Any CPU.Build.0 = Debug|Any CPU
		{26E8071E-D421-4BA2-B5B3-04341BA74171}.Debug|x64.ActiveCfg = Debug|Any CPU
		{26E8071E-D421-4BA2-B5B3-04341BA74171}.Debug|x64.Build.0 = Debug|Any CPU
		{26E8071E-D421-4BA2-B5B3-04341BA74171}.Debug|x86.ActiveCfg = Debug|Any CPU
		{26E8071E-D421-4BA2-B5B3-04341BA74171}.Debug|x86.Build.0 = Debug|Any CPU
		{26E8071E-D421-4BA2-B5B3-04341BA74171}.Release|Any CPU.ActiveCfg = Release|Any CPU
		{26E8071E-D421-4BA2-B5B3-04341BA74171}.Release|Any CPU.Build.0 = Release|Any CPU
		{26E8071E-D421-4BA2-B5B3-04341BA74171}.Release|x64.ActiveCfg = Release|Any CPU
		{26E8071E-D421-4BA2-B5B3-04341BA74171}.Release|x64.Build.0 = Release|Any CPU
		{26E8071E-D421-4BA2-B5B3-04341BA74171}.Release|x86.ActiveCfg = Release|Any CPU
		{26E8071E-D421-4BA2-B5B3-04341BA74171}.Release|x86.Build.0 = Release|Any CPU
		{A7DBC4CA-6518-41D8-8A24-70053E785ED5}.Debug|Any CPU.ActiveCfg = Debug|Any CPU
		{A7DBC4CA-6518-41D8-8A24-70053E785ED5}.Debug|Any CPU.Build.0 = Debug|Any CPU
		{A7DBC4CA-6518-41D8-8A24-70053E785ED5}.Debug|x64.ActiveCfg = Debug|Any CPU
		{A7DBC4CA-6518-41D8-8A24-70053E785ED5}.Debug|x64.Build.0 = Debug|Any CPU
		{A7DBC4CA-6518-41D8-8A24-70053E785ED5}.Debug|x86.ActiveCfg = Debug|Any CPU
		{A7DBC4CA-6518-41D8-8A24-70053E785ED5}.Debug|x86.Build.0 = Debug|Any CPU
		{A7DBC4CA-6518-41D8-8A24-70053E785ED5}.Release|Any CPU.ActiveCfg = Release|Any CPU
		{A7DBC4CA-6518-41D8-8A24-70053E785ED5}.Release|Any CPU.Build.0 = Release|Any CPU
		{A7DBC4CA-6518-41D8-8A24-70053E785ED5}.Release|x64.ActiveCfg = Release|Any CPU
		{A7DBC4CA-6518-41D8-8A24-70053E785ED5}.Release|x64.Build.0 = Release|Any CPU
		{A7DBC4CA-6518-41D8-8A24-70053E785ED5}.Release|x86.ActiveCfg = Release|Any CPU
		{A7DBC4CA-6518-41D8-8A24-70053E785ED5}.Release|x86.Build.0 = Release|Any CPU
		{CFAB635F-E39B-49DA-9A29-CCE60B9DD26C}.Debug|Any CPU.ActiveCfg = Debug|Any CPU
		{CFAB635F-E39B-49DA-9A29-CCE60B9DD26C}.Debug|Any CPU.Build.0 = Debug|Any CPU
		{CFAB635F-E39B-49DA-9A29-CCE60B9DD26C}.Debug|x64.ActiveCfg = Debug|Any CPU
		{CFAB635F-E39B-49DA-9A29-CCE60B9DD26C}.Debug|x64.Build.0 = Debug|Any CPU
		{CFAB635F-E39B-49DA-9A29-CCE60B9DD26C}.Debug|x86.ActiveCfg = Debug|Any CPU
		{CFAB635F-E39B-49DA-9A29-CCE60B9DD26C}.Debug|x86.Build.0 = Debug|Any CPU
		{CFAB635F-E39B-49DA-9A29-CCE60B9DD26C}.Release|Any CPU.ActiveCfg = Release|Any CPU
		{CFAB635F-E39B-49DA-9A29-CCE60B9DD26C}.Release|Any CPU.Build.0 = Release|Any CPU
		{CFAB635F-E39B-49DA-9A29-CCE60B9DD26C}.Release|x64.ActiveCfg = Release|Any CPU
		{CFAB635F-E39B-49DA-9A29-CCE60B9DD26C}.Release|x64.Build.0 = Release|Any CPU
		{CFAB635F-E39B-49DA-9A29-CCE60B9DD26C}.Release|x86.ActiveCfg = Release|Any CPU
		{CFAB635F-E39B-49DA-9A29-CCE60B9DD26C}.Release|x86.Build.0 = Release|Any CPU
		{BBD20228-047D-4A64-8FBB-4DF5A93E0243}.Debug|Any CPU.ActiveCfg = Debug|Any CPU
		{BBD20228-047D-4A64-8FBB-4DF5A93E0243}.Debug|Any CPU.Build.0 = Debug|Any CPU
		{BBD20228-047D-4A64-8FBB-4DF5A93E0243}.Debug|x64.ActiveCfg = Debug|Any CPU
		{BBD20228-047D-4A64-8FBB-4DF5A93E0243}.Debug|x64.Build.0 = Debug|Any CPU
		{BBD20228-047D-4A64-8FBB-4DF5A93E0243}.Debug|x86.ActiveCfg = Debug|Any CPU
		{BBD20228-047D-4A64-8FBB-4DF5A93E0243}.Debug|x86.Build.0 = Debug|Any CPU
		{BBD20228-047D-4A64-8FBB-4DF5A93E0243}.Release|Any CPU.ActiveCfg = Release|Any CPU
		{BBD20228-047D-4A64-8FBB-4DF5A93E0243}.Release|Any CPU.Build.0 = Release|Any CPU
		{BBD20228-047D-4A64-8FBB-4DF5A93E0243}.Release|x64.ActiveCfg = Release|Any CPU
		{BBD20228-047D-4A64-8FBB-4DF5A93E0243}.Release|x64.Build.0 = Release|Any CPU
		{BBD20228-047D-4A64-8FBB-4DF5A93E0243}.Release|x86.ActiveCfg = Release|Any CPU
		{BBD20228-047D-4A64-8FBB-4DF5A93E0243}.Release|x86.Build.0 = Release|Any CPU
		{9D299DE7-4C7C-4565-8660-A649B440B09F}.Debug|Any CPU.ActiveCfg = Debug|Any CPU
		{9D299DE7-4C7C-4565-8660-A649B440B09F}.Debug|Any CPU.Build.0 = Debug|Any CPU
		{9D299DE7-4C7C-4565-8660-A649B440B09F}.Debug|x64.ActiveCfg = Debug|Any CPU
		{9D299DE7-4C7C-4565-8660-A649B440B09F}.Debug|x64.Build.0 = Debug|Any CPU
		{9D299DE7-4C7C-4565-8660-A649B440B09F}.Debug|x86.ActiveCfg = Debug|Any CPU
		{9D299DE7-4C7C-4565-8660-A649B440B09F}.Debug|x86.Build.0 = Debug|Any CPU
		{9D299DE7-4C7C-4565-8660-A649B440B09F}.Release|Any CPU.ActiveCfg = Release|Any CPU
		{9D299DE7-4C7C-4565-8660-A649B440B09F}.Release|Any CPU.Build.0 = Release|Any CPU
		{9D299DE7-4C7C-4565-8660-A649B440B09F}.Release|x64.ActiveCfg = Release|Any CPU
		{9D299DE7-4C7C-4565-8660-A649B440B09F}.Release|x64.Build.0 = Release|Any CPU
		{9D299DE7-4C7C-4565-8660-A649B440B09F}.Release|x86.ActiveCfg = Release|Any CPU
		{9D299DE7-4C7C-4565-8660-A649B440B09F}.Release|x86.Build.0 = Release|Any CPU
		{9525BBE3-34C9-43E1-BFE2-346F62E78A79}.Debug|Any CPU.ActiveCfg = Debug|Any CPU
		{9525BBE3-34C9-43E1-BFE2-346F62E78A79}.Debug|Any CPU.Build.0 = Debug|Any CPU
		{9525BBE3-34C9-43E1-BFE2-346F62E78A79}.Debug|x64.ActiveCfg = Debug|Any CPU
		{9525BBE3-34C9-43E1-BFE2-346F62E78A79}.Debug|x64.Build.0 = Debug|Any CPU
		{9525BBE3-34C9-43E1-BFE2-346F62E78A79}.Debug|x86.ActiveCfg = Debug|Any CPU
		{9525BBE3-34C9-43E1-BFE2-346F62E78A79}.Debug|x86.Build.0 = Debug|Any CPU
		{9525BBE3-34C9-43E1-BFE2-346F62E78A79}.Release|Any CPU.ActiveCfg = Release|Any CPU
		{9525BBE3-34C9-43E1-BFE2-346F62E78A79}.Release|Any CPU.Build.0 = Release|Any CPU
		{9525BBE3-34C9-43E1-BFE2-346F62E78A79}.Release|x64.ActiveCfg = Release|Any CPU
		{9525BBE3-34C9-43E1-BFE2-346F62E78A79}.Release|x64.Build.0 = Release|Any CPU
		{9525BBE3-34C9-43E1-BFE2-346F62E78A79}.Release|x86.ActiveCfg = Release|Any CPU
		{9525BBE3-34C9-43E1-BFE2-346F62E78A79}.Release|x86.Build.0 = Release|Any CPU
		{F2CCBB12-8247-4D7D-ADD6-3C1E4DFBC0B5}.Debug|Any CPU.ActiveCfg = Debug|Any CPU
		{F2CCBB12-8247-4D7D-ADD6-3C1E4DFBC0B5}.Debug|Any CPU.Build.0 = Debug|Any CPU
		{F2CCBB12-8247-4D7D-ADD6-3C1E4DFBC0B5}.Debug|x64.ActiveCfg = Debug|Any CPU
		{F2CCBB12-8247-4D7D-ADD6-3C1E4DFBC0B5}.Debug|x64.Build.0 = Debug|Any CPU
		{F2CCBB12-8247-4D7D-ADD6-3C1E4DFBC0B5}.Debug|x86.ActiveCfg = Debug|Any CPU
		{F2CCBB12-8247-4D7D-ADD6-3C1E4DFBC0B5}.Debug|x86.Build.0 = Debug|Any CPU
		{F2CCBB12-8247-4D7D-ADD6-3C1E4DFBC0B5}.Release|Any CPU.ActiveCfg = Release|Any CPU
		{F2CCBB12-8247-4D7D-ADD6-3C1E4DFBC0B5}.Release|Any CPU.Build.0 = Release|Any CPU
		{F2CCBB12-8247-4D7D-ADD6-3C1E4DFBC0B5}.Release|x64.ActiveCfg = Release|Any CPU
		{F2CCBB12-8247-4D7D-ADD6-3C1E4DFBC0B5}.Release|x64.Build.0 = Release|Any CPU
		{F2CCBB12-8247-4D7D-ADD6-3C1E4DFBC0B5}.Release|x86.ActiveCfg = Release|Any CPU
		{F2CCBB12-8247-4D7D-ADD6-3C1E4DFBC0B5}.Release|x86.Build.0 = Release|Any CPU
		{A6649F84-5B2E-4BD8-88BB-BA2BBCE2162B}.Debug|Any CPU.ActiveCfg = Debug|Any CPU
		{A6649F84-5B2E-4BD8-88BB-BA2BBCE2162B}.Debug|Any CPU.Build.0 = Debug|Any CPU
		{A6649F84-5B2E-4BD8-88BB-BA2BBCE2162B}.Debug|x64.ActiveCfg = Debug|Any CPU
		{A6649F84-5B2E-4BD8-88BB-BA2BBCE2162B}.Debug|x64.Build.0 = Debug|Any CPU
		{A6649F84-5B2E-4BD8-88BB-BA2BBCE2162B}.Debug|x86.ActiveCfg = Debug|Any CPU
		{A6649F84-5B2E-4BD8-88BB-BA2BBCE2162B}.Debug|x86.Build.0 = Debug|Any CPU
		{A6649F84-5B2E-4BD8-88BB-BA2BBCE2162B}.Release|Any CPU.ActiveCfg = Release|Any CPU
		{A6649F84-5B2E-4BD8-88BB-BA2BBCE2162B}.Release|Any CPU.Build.0 = Release|Any CPU
		{A6649F84-5B2E-4BD8-88BB-BA2BBCE2162B}.Release|x64.ActiveCfg = Release|Any CPU
		{A6649F84-5B2E-4BD8-88BB-BA2BBCE2162B}.Release|x64.Build.0 = Release|Any CPU
		{A6649F84-5B2E-4BD8-88BB-BA2BBCE2162B}.Release|x86.ActiveCfg = Release|Any CPU
		{A6649F84-5B2E-4BD8-88BB-BA2BBCE2162B}.Release|x86.Build.0 = Release|Any CPU
		{4B8D6AFB-6CDF-444B-85C0-524767820AE1}.Debug|Any CPU.ActiveCfg = Debug|Any CPU
		{4B8D6AFB-6CDF-444B-85C0-524767820AE1}.Debug|Any CPU.Build.0 = Debug|Any CPU
		{4B8D6AFB-6CDF-444B-85C0-524767820AE1}.Debug|x64.ActiveCfg = Debug|Any CPU
		{4B8D6AFB-6CDF-444B-85C0-524767820AE1}.Debug|x64.Build.0 = Debug|Any CPU
		{4B8D6AFB-6CDF-444B-85C0-524767820AE1}.Debug|x86.ActiveCfg = Debug|Any CPU
		{4B8D6AFB-6CDF-444B-85C0-524767820AE1}.Debug|x86.Build.0 = Debug|Any CPU
		{4B8D6AFB-6CDF-444B-85C0-524767820AE1}.Release|Any CPU.ActiveCfg = Release|Any CPU
		{4B8D6AFB-6CDF-444B-85C0-524767820AE1}.Release|Any CPU.Build.0 = Release|Any CPU
		{4B8D6AFB-6CDF-444B-85C0-524767820AE1}.Release|x64.ActiveCfg = Release|Any CPU
		{4B8D6AFB-6CDF-444B-85C0-524767820AE1}.Release|x64.Build.0 = Release|Any CPU
		{4B8D6AFB-6CDF-444B-85C0-524767820AE1}.Release|x86.ActiveCfg = Release|Any CPU
		{4B8D6AFB-6CDF-444B-85C0-524767820AE1}.Release|x86.Build.0 = Release|Any CPU
		{616B0C63-F766-42D4-A43F-702B6745EF71}.Debug|Any CPU.ActiveCfg = Debug|Any CPU
		{616B0C63-F766-42D4-A43F-702B6745EF71}.Debug|Any CPU.Build.0 = Debug|Any CPU
		{616B0C63-F766-42D4-A43F-702B6745EF71}.Debug|x64.ActiveCfg = Debug|Any CPU
		{616B0C63-F766-42D4-A43F-702B6745EF71}.Debug|x64.Build.0 = Debug|Any CPU
		{616B0C63-F766-42D4-A43F-702B6745EF71}.Debug|x86.ActiveCfg = Debug|Any CPU
		{616B0C63-F766-42D4-A43F-702B6745EF71}.Debug|x86.Build.0 = Debug|Any CPU
		{616B0C63-F766-42D4-A43F-702B6745EF71}.Release|Any CPU.ActiveCfg = Release|Any CPU
		{616B0C63-F766-42D4-A43F-702B6745EF71}.Release|Any CPU.Build.0 = Release|Any CPU
		{616B0C63-F766-42D4-A43F-702B6745EF71}.Release|x64.ActiveCfg = Release|Any CPU
		{616B0C63-F766-42D4-A43F-702B6745EF71}.Release|x64.Build.0 = Release|Any CPU
		{616B0C63-F766-42D4-A43F-702B6745EF71}.Release|x86.ActiveCfg = Release|Any CPU
		{616B0C63-F766-42D4-A43F-702B6745EF71}.Release|x86.Build.0 = Release|Any CPU
		{08B38CEC-F46C-4E42-919E-B7D0DB9FB7C8}.Debug|Any CPU.ActiveCfg = Debug|Any CPU
		{08B38CEC-F46C-4E42-919E-B7D0DB9FB7C8}.Debug|Any CPU.Build.0 = Debug|Any CPU
		{08B38CEC-F46C-4E42-919E-B7D0DB9FB7C8}.Debug|x64.ActiveCfg = Debug|Any CPU
		{08B38CEC-F46C-4E42-919E-B7D0DB9FB7C8}.Debug|x64.Build.0 = Debug|Any CPU
		{08B38CEC-F46C-4E42-919E-B7D0DB9FB7C8}.Debug|x86.ActiveCfg = Debug|Any CPU
		{08B38CEC-F46C-4E42-919E-B7D0DB9FB7C8}.Debug|x86.Build.0 = Debug|Any CPU
		{08B38CEC-F46C-4E42-919E-B7D0DB9FB7C8}.Release|Any CPU.ActiveCfg = Release|Any CPU
		{08B38CEC-F46C-4E42-919E-B7D0DB9FB7C8}.Release|Any CPU.Build.0 = Release|Any CPU
		{08B38CEC-F46C-4E42-919E-B7D0DB9FB7C8}.Release|x64.ActiveCfg = Release|Any CPU
		{08B38CEC-F46C-4E42-919E-B7D0DB9FB7C8}.Release|x64.Build.0 = Release|Any CPU
		{08B38CEC-F46C-4E42-919E-B7D0DB9FB7C8}.Release|x86.ActiveCfg = Release|Any CPU
		{08B38CEC-F46C-4E42-919E-B7D0DB9FB7C8}.Release|x86.Build.0 = Release|Any CPU
		{D2F17711-94F8-4A5A-BF03-9EDBE8198618}.Debug|Any CPU.ActiveCfg = Debug|Any CPU
		{D2F17711-94F8-4A5A-BF03-9EDBE8198618}.Debug|Any CPU.Build.0 = Debug|Any CPU
		{D2F17711-94F8-4A5A-BF03-9EDBE8198618}.Debug|x64.ActiveCfg = Debug|Any CPU
		{D2F17711-94F8-4A5A-BF03-9EDBE8198618}.Debug|x64.Build.0 = Debug|Any CPU
		{D2F17711-94F8-4A5A-BF03-9EDBE8198618}.Debug|x86.ActiveCfg = Debug|Any CPU
		{D2F17711-94F8-4A5A-BF03-9EDBE8198618}.Debug|x86.Build.0 = Debug|Any CPU
		{D2F17711-94F8-4A5A-BF03-9EDBE8198618}.Release|Any CPU.ActiveCfg = Release|Any CPU
		{D2F17711-94F8-4A5A-BF03-9EDBE8198618}.Release|Any CPU.Build.0 = Release|Any CPU
		{D2F17711-94F8-4A5A-BF03-9EDBE8198618}.Release|x64.ActiveCfg = Release|Any CPU
		{D2F17711-94F8-4A5A-BF03-9EDBE8198618}.Release|x64.Build.0 = Release|Any CPU
		{D2F17711-94F8-4A5A-BF03-9EDBE8198618}.Release|x86.ActiveCfg = Release|Any CPU
		{D2F17711-94F8-4A5A-BF03-9EDBE8198618}.Release|x86.Build.0 = Release|Any CPU
		{D76F3444-799D-4EFF-B93F-351657F9FD4C}.Debug|Any CPU.ActiveCfg = Debug|Any CPU
		{D76F3444-799D-4EFF-B93F-351657F9FD4C}.Debug|Any CPU.Build.0 = Debug|Any CPU
		{D76F3444-799D-4EFF-B93F-351657F9FD4C}.Debug|x64.ActiveCfg = Debug|Any CPU
		{D76F3444-799D-4EFF-B93F-351657F9FD4C}.Debug|x64.Build.0 = Debug|Any CPU
		{D76F3444-799D-4EFF-B93F-351657F9FD4C}.Debug|x86.ActiveCfg = Debug|Any CPU
		{D76F3444-799D-4EFF-B93F-351657F9FD4C}.Debug|x86.Build.0 = Debug|Any CPU
		{D76F3444-799D-4EFF-B93F-351657F9FD4C}.Release|Any CPU.ActiveCfg = Release|Any CPU
		{D76F3444-799D-4EFF-B93F-351657F9FD4C}.Release|Any CPU.Build.0 = Release|Any CPU
		{D76F3444-799D-4EFF-B93F-351657F9FD4C}.Release|x64.ActiveCfg = Release|Any CPU
		{D76F3444-799D-4EFF-B93F-351657F9FD4C}.Release|x64.Build.0 = Release|Any CPU
		{D76F3444-799D-4EFF-B93F-351657F9FD4C}.Release|x86.ActiveCfg = Release|Any CPU
		{D76F3444-799D-4EFF-B93F-351657F9FD4C}.Release|x86.Build.0 = Release|Any CPU
		{40D0A0E0-7F59-442F-BD66-54204A089BB9}.Debug|Any CPU.ActiveCfg = Debug|Any CPU
		{40D0A0E0-7F59-442F-BD66-54204A089BB9}.Debug|Any CPU.Build.0 = Debug|Any CPU
		{40D0A0E0-7F59-442F-BD66-54204A089BB9}.Debug|x64.ActiveCfg = Debug|Any CPU
		{40D0A0E0-7F59-442F-BD66-54204A089BB9}.Debug|x64.Build.0 = Debug|Any CPU
		{40D0A0E0-7F59-442F-BD66-54204A089BB9}.Debug|x86.ActiveCfg = Debug|Any CPU
		{40D0A0E0-7F59-442F-BD66-54204A089BB9}.Debug|x86.Build.0 = Debug|Any CPU
		{40D0A0E0-7F59-442F-BD66-54204A089BB9}.Release|Any CPU.ActiveCfg = Release|Any CPU
		{40D0A0E0-7F59-442F-BD66-54204A089BB9}.Release|Any CPU.Build.0 = Release|Any CPU
		{40D0A0E0-7F59-442F-BD66-54204A089BB9}.Release|x64.ActiveCfg = Release|Any CPU
		{40D0A0E0-7F59-442F-BD66-54204A089BB9}.Release|x64.Build.0 = Release|Any CPU
		{40D0A0E0-7F59-442F-BD66-54204A089BB9}.Release|x86.ActiveCfg = Release|Any CPU
		{40D0A0E0-7F59-442F-BD66-54204A089BB9}.Release|x86.Build.0 = Release|Any CPU
		{EC6C6A01-D5A1-4364-813E-C171B345E1B5}.Debug|Any CPU.ActiveCfg = Debug|Any CPU
		{EC6C6A01-D5A1-4364-813E-C171B345E1B5}.Debug|Any CPU.Build.0 = Debug|Any CPU
		{EC6C6A01-D5A1-4364-813E-C171B345E1B5}.Debug|x64.ActiveCfg = Debug|Any CPU
		{EC6C6A01-D5A1-4364-813E-C171B345E1B5}.Debug|x64.Build.0 = Debug|Any CPU
		{EC6C6A01-D5A1-4364-813E-C171B345E1B5}.Debug|x86.ActiveCfg = Debug|Any CPU
		{EC6C6A01-D5A1-4364-813E-C171B345E1B5}.Debug|x86.Build.0 = Debug|Any CPU
		{EC6C6A01-D5A1-4364-813E-C171B345E1B5}.Release|Any CPU.ActiveCfg = Release|Any CPU
		{EC6C6A01-D5A1-4364-813E-C171B345E1B5}.Release|Any CPU.Build.0 = Release|Any CPU
		{EC6C6A01-D5A1-4364-813E-C171B345E1B5}.Release|x64.ActiveCfg = Release|Any CPU
		{EC6C6A01-D5A1-4364-813E-C171B345E1B5}.Release|x64.Build.0 = Release|Any CPU
		{EC6C6A01-D5A1-4364-813E-C171B345E1B5}.Release|x86.ActiveCfg = Release|Any CPU
		{EC6C6A01-D5A1-4364-813E-C171B345E1B5}.Release|x86.Build.0 = Release|Any CPU
		{8836B401-E1E5-4549-9B06-7119048D0243}.Debug|Any CPU.ActiveCfg = Debug|Any CPU
		{8836B401-E1E5-4549-9B06-7119048D0243}.Debug|Any CPU.Build.0 = Debug|Any CPU
		{8836B401-E1E5-4549-9B06-7119048D0243}.Debug|x64.ActiveCfg = Debug|Any CPU
		{8836B401-E1E5-4549-9B06-7119048D0243}.Debug|x64.Build.0 = Debug|Any CPU
		{8836B401-E1E5-4549-9B06-7119048D0243}.Debug|x86.ActiveCfg = Debug|Any CPU
		{8836B401-E1E5-4549-9B06-7119048D0243}.Debug|x86.Build.0 = Debug|Any CPU
		{8836B401-E1E5-4549-9B06-7119048D0243}.Release|Any CPU.ActiveCfg = Release|Any CPU
		{8836B401-E1E5-4549-9B06-7119048D0243}.Release|Any CPU.Build.0 = Release|Any CPU
		{8836B401-E1E5-4549-9B06-7119048D0243}.Release|x64.ActiveCfg = Release|Any CPU
		{8836B401-E1E5-4549-9B06-7119048D0243}.Release|x64.Build.0 = Release|Any CPU
		{8836B401-E1E5-4549-9B06-7119048D0243}.Release|x86.ActiveCfg = Release|Any CPU
		{8836B401-E1E5-4549-9B06-7119048D0243}.Release|x86.Build.0 = Release|Any CPU
		{82AA6969-6006-4893-867D-FDF0AE236A80}.Debug|Any CPU.ActiveCfg = Debug|Any CPU
		{82AA6969-6006-4893-867D-FDF0AE236A80}.Debug|Any CPU.Build.0 = Debug|Any CPU
		{82AA6969-6006-4893-867D-FDF0AE236A80}.Debug|x64.ActiveCfg = Debug|Any CPU
		{82AA6969-6006-4893-867D-FDF0AE236A80}.Debug|x64.Build.0 = Debug|Any CPU
		{82AA6969-6006-4893-867D-FDF0AE236A80}.Debug|x86.ActiveCfg = Debug|Any CPU
		{82AA6969-6006-4893-867D-FDF0AE236A80}.Debug|x86.Build.0 = Debug|Any CPU
		{82AA6969-6006-4893-867D-FDF0AE236A80}.Release|Any CPU.ActiveCfg = Release|Any CPU
		{82AA6969-6006-4893-867D-FDF0AE236A80}.Release|Any CPU.Build.0 = Release|Any CPU
		{82AA6969-6006-4893-867D-FDF0AE236A80}.Release|x64.ActiveCfg = Release|Any CPU
		{82AA6969-6006-4893-867D-FDF0AE236A80}.Release|x64.Build.0 = Release|Any CPU
		{82AA6969-6006-4893-867D-FDF0AE236A80}.Release|x86.ActiveCfg = Release|Any CPU
		{82AA6969-6006-4893-867D-FDF0AE236A80}.Release|x86.Build.0 = Release|Any CPU
		{0643B503-1DD4-4A5F-A045-FAC069C85A37}.Debug|Any CPU.ActiveCfg = Debug|Any CPU
		{0643B503-1DD4-4A5F-A045-FAC069C85A37}.Debug|Any CPU.Build.0 = Debug|Any CPU
		{0643B503-1DD4-4A5F-A045-FAC069C85A37}.Debug|x64.ActiveCfg = Debug|Any CPU
		{0643B503-1DD4-4A5F-A045-FAC069C85A37}.Debug|x64.Build.0 = Debug|Any CPU
		{0643B503-1DD4-4A5F-A045-FAC069C85A37}.Debug|x86.ActiveCfg = Debug|Any CPU
		{0643B503-1DD4-4A5F-A045-FAC069C85A37}.Debug|x86.Build.0 = Debug|Any CPU
		{0643B503-1DD4-4A5F-A045-FAC069C85A37}.Release|Any CPU.ActiveCfg = Release|Any CPU
		{0643B503-1DD4-4A5F-A045-FAC069C85A37}.Release|Any CPU.Build.0 = Release|Any CPU
		{0643B503-1DD4-4A5F-A045-FAC069C85A37}.Release|x64.ActiveCfg = Release|Any CPU
		{0643B503-1DD4-4A5F-A045-FAC069C85A37}.Release|x64.Build.0 = Release|Any CPU
		{0643B503-1DD4-4A5F-A045-FAC069C85A37}.Release|x86.ActiveCfg = Release|Any CPU
		{0643B503-1DD4-4A5F-A045-FAC069C85A37}.Release|x86.Build.0 = Release|Any CPU
		{50B53C1F-375E-4B92-8887-08B964AA8F2F}.Debug|Any CPU.ActiveCfg = Debug|Any CPU
		{50B53C1F-375E-4B92-8887-08B964AA8F2F}.Debug|Any CPU.Build.0 = Debug|Any CPU
		{50B53C1F-375E-4B92-8887-08B964AA8F2F}.Debug|x64.ActiveCfg = Debug|Any CPU
		{50B53C1F-375E-4B92-8887-08B964AA8F2F}.Debug|x64.Build.0 = Debug|Any CPU
		{50B53C1F-375E-4B92-8887-08B964AA8F2F}.Debug|x86.ActiveCfg = Debug|Any CPU
		{50B53C1F-375E-4B92-8887-08B964AA8F2F}.Debug|x86.Build.0 = Debug|Any CPU
		{50B53C1F-375E-4B92-8887-08B964AA8F2F}.Release|Any CPU.ActiveCfg = Release|Any CPU
		{50B53C1F-375E-4B92-8887-08B964AA8F2F}.Release|Any CPU.Build.0 = Release|Any CPU
		{50B53C1F-375E-4B92-8887-08B964AA8F2F}.Release|x64.ActiveCfg = Release|Any CPU
		{50B53C1F-375E-4B92-8887-08B964AA8F2F}.Release|x64.Build.0 = Release|Any CPU
		{50B53C1F-375E-4B92-8887-08B964AA8F2F}.Release|x86.ActiveCfg = Release|Any CPU
		{50B53C1F-375E-4B92-8887-08B964AA8F2F}.Release|x86.Build.0 = Release|Any CPU
	EndGlobalSection
	GlobalSection(SolutionProperties) = preSolution
		HideSolutionNode = FALSE
	EndGlobalSection
	GlobalSection(NestedProjects) = preSolution
		{B4AFFC6B-F69E-9088-B34D-5D1AB0DE0D17} = {827E0CD3-B72D-47B6-A68D-7590B98EB39B}
		{9C95BDEC-D96C-48C4-BFDA-067C5B5D4944} = {827E0CD3-B72D-47B6-A68D-7590B98EB39B}
		{476022C7-261A-4E2D-9CD0-E9F6EEBDC3F4} = {827E0CD3-B72D-47B6-A68D-7590B98EB39B}
		{D95FE421-7509-49E3-AD6B-EA29EC115CBB} = {827E0CD3-B72D-47B6-A68D-7590B98EB39B}
		{EE7E11C8-4582-4114-8BC5-63177B215BC8} = {827E0CD3-B72D-47B6-A68D-7590B98EB39B}
		{D3DEBAC3-C6CB-4A7D-9F63-91D4948C906C} = {827E0CD3-B72D-47B6-A68D-7590B98EB39B}
		{CCEF7277-1407-41E0-9263-006F44A3BA3E} = {827E0CD3-B72D-47B6-A68D-7590B98EB39B}
		{9BD256B8-FEED-4E0D-9D84-F592A8EF2B78} = {827E0CD3-B72D-47B6-A68D-7590B98EB39B}
		{9BFDE6FC-065A-4E87-8CA7-E75624B3FC04} = {827E0CD3-B72D-47B6-A68D-7590B98EB39B}
		{1251B3AA-47CC-4347-B066-F201F28570E0} = {827E0CD3-B72D-47B6-A68D-7590B98EB39B}
		{992AA43F-8D1D-4E3C-8671-813BDCB4704A} = {827E0CD3-B72D-47B6-A68D-7590B98EB39B}
		{95989627-6109-4510-9411-300B990CA459} = {827E0CD3-B72D-47B6-A68D-7590B98EB39B}
		{F1A2B3C4-D5E6-7890-AB12-CD34EF567891} = {A1B2C3D4-E5F6-7890-ABCD-EF1234567890}
		{F2A3B4C5-D6E7-8901-BC23-DE45EF678902} = {A1B2C3D4-E5F6-7890-ABCD-EF1234567890}
		{F3A4B5C6-D7E8-9012-CD34-EF56F0789013} = {A1B2C3D4-E5F6-7890-ABCD-EF1234567890}
		{F4A5B6C7-D8E9-0123-DE45-F067A1890124} = {A1B2C3D4-E5F6-7890-ABCD-EF1234567890}
		{FAD5BE33-32F4-4861-959E-9173151CB4F3} = {A1B2C3D4-E5F6-7890-ABCD-EF1234567890}
		{85854470-79A8-475E-9B2E-40FE755FE505} = {A1B2C3D4-E5F6-7890-ABCD-EF1234567890}
		{6610D382-3C88-4269-B98E-76B83CE88C05} = {827E0CD3-B72D-47B6-A68D-7590B98EB39B}
		{71CAE974-37E6-451D-968A-41B3C6A76B8A} = {827E0CD3-B72D-47B6-A68D-7590B98EB39B}
		{5BFE717B-03D9-4988-AE0D-DCCEB5D6AD5E} = {827E0CD3-B72D-47B6-A68D-7590B98EB39B}
		{51730955-8F66-47A1-8CA3-241DDDBD3991} = {827E0CD3-B72D-47B6-A68D-7590B98EB39B}
		{1C92371A-FC7D-4B76-B1E1-2F99765D7D6F} = {827E0CD3-B72D-47B6-A68D-7590B98EB39B}
		{26E8071E-D421-4BA2-B5B3-04341BA74171} = {827E0CD3-B72D-47B6-A68D-7590B98EB39B}
		{A7DBC4CA-6518-41D8-8A24-70053E785ED5} = {827E0CD3-B72D-47B6-A68D-7590B98EB39B}
		{CFAB635F-E39B-49DA-9A29-CCE60B9DD26C} = {A1B2C3D4-E5F6-7890-ABCD-EF1234567890}
		{BBD20228-047D-4A64-8FBB-4DF5A93E0243} = {A1B2C3D4-E5F6-7890-ABCD-EF1234567890}
		{9D299DE7-4C7C-4565-8660-A649B440B09F} = {A1B2C3D4-E5F6-7890-ABCD-EF1234567890}
		{9525BBE3-34C9-43E1-BFE2-346F62E78A79} = {A1B2C3D4-E5F6-7890-ABCD-EF1234567890}
		{F2CCBB12-8247-4D7D-ADD6-3C1E4DFBC0B5} = {A1B2C3D4-E5F6-7890-ABCD-EF1234567890}
		{A6649F84-5B2E-4BD8-88BB-BA2BBCE2162B} = {A1B2C3D4-E5F6-7890-ABCD-EF1234567890}
		{4B8D6AFB-6CDF-444B-85C0-524767820AE1} = {A1B2C3D4-E5F6-7890-ABCD-EF1234567890}
		{616B0C63-F766-42D4-A43F-702B6745EF71} = {A1B2C3D4-E5F6-7890-ABCD-EF1234567890}
		{08B38CEC-F46C-4E42-919E-B7D0DB9FB7C8} = {A1B2C3D4-E5F6-7890-ABCD-EF1234567890}
		{D2F17711-94F8-4A5A-BF03-9EDBE8198618} = {A1B2C3D4-E5F6-7890-ABCD-EF1234567890}
		{D76F3444-799D-4EFF-B93F-351657F9FD4C} = {A1B2C3D4-E5F6-7890-ABCD-EF1234567890}
		{40D0A0E0-7F59-442F-BD66-54204A089BB9} = {827E0CD3-B72D-47B6-A68D-7590B98EB39B}
		{EC6C6A01-D5A1-4364-813E-C171B345E1B5} = {827E0CD3-B72D-47B6-A68D-7590B98EB39B}
		{8836B401-E1E5-4549-9B06-7119048D0243} = {827E0CD3-B72D-47B6-A68D-7590B98EB39B}
		{82AA6969-6006-4893-867D-FDF0AE236A80} = {A1B2C3D4-E5F6-7890-ABCD-EF1234567890}
		{0643B503-1DD4-4A5F-A045-FAC069C85A37} = {827E0CD3-B72D-47B6-A68D-7590B98EB39B}
		{50B53C1F-375E-4B92-8887-08B964AA8F2F} = {827E0CD3-B72D-47B6-A68D-7590B98EB39B}
	EndGlobalSection
	GlobalSection(ExtensibilityGlobals) = postSolution
		SolutionGuid = {336CB328-1CBB-4084-9F56-55CAC70879BD}
	EndGlobalSection
EndGlobal
