
Microsoft Visual Studio Solution File, Format Version 12.00
# Visual Studio Version 17
VisualStudioVersion = 17.5.2.0
MinimumVisualStudioVersion = 10.0.40219.1
Project("{2150E333-8FDC-42A3-9474-1A3956D46DE8}") = "src", "src", "{827E0CD3-B72D-47B6-A68D-7590B98EB39B}"
EndProject
Project("{FAE04EC0-301F-11D3-BF4B-00C04F79EFBC}") = "HomeManagement.Abstractions", "src\HomeManagement.Abstractions\HomeManagement.Abstractions.csproj", "{B4AFFC6B-F69E-9088-B34D-5D1AB0DE0D17}"
EndProject
Project("{FAE04EC0-301F-11D3-BF4B-00C04F79EFBC}") = "HomeManagement.Data", "src\HomeManagement.Data\HomeManagement.Data.csproj", "{9C95BDEC-D96C-48C4-BFDA-067C5B5D4944}"
EndProject
Project("{FAE04EC0-301F-11D3-BF4B-00C04F79EFBC}") = "HomeManagement.Vault", "src\HomeManagement.Vault\HomeManagement.Vault.csproj", "{476022C7-261A-4E2D-9CD0-E9F6EEBDC3F4}"
EndProject
Project("{FAE04EC0-301F-11D3-BF4B-00C04F79EFBC}") = "HomeManagement.Transport", "src\HomeManagement.Transport\HomeManagement.Transport.csproj", "{D95FE421-7509-49E3-AD6B-EA29EC115CBB}"
EndProject
Project("{FAE04EC0-301F-11D3-BF4B-00C04F79EFBC}") = "HomeManagement.Patching", "src\HomeManagement.Patching\HomeManagement.Patching.csproj", "{EE7E11C8-4582-4114-8BC5-63177B215BC8}"
EndProject
Project("{FAE04EC0-301F-11D3-BF4B-00C04F79EFBC}") = "HomeManagement.Services", "src\HomeManagement.Services\HomeManagement.Services.csproj", "{D3DEBAC3-C6CB-4A7D-9F63-91D4948C906C}"
EndProject
Project("{FAE04EC0-301F-11D3-BF4B-00C04F79EFBC}") = "HomeManagement.Inventory", "src\HomeManagement.Inventory\HomeManagement.Inventory.csproj", "{CCEF7277-1407-41E0-9263-006F44A3BA3E}"
EndProject
Project("{FAE04EC0-301F-11D3-BF4B-00C04F79EFBC}") = "HomeManagement.Auditing", "src\HomeManagement.Auditing\HomeManagement.Auditing.csproj", "{9BD256B8-FEED-4E0D-9D84-F592A8EF2B78}"
EndProject
Project("{FAE04EC0-301F-11D3-BF4B-00C04F79EFBC}") = "HomeManagement.Orchestration", "src\HomeManagement.Orchestration\HomeManagement.Orchestration.csproj", "{9BFDE6FC-065A-4E87-8CA7-E75624B3FC04}"
EndProject
Project("{FAE04EC0-301F-11D3-BF4B-00C04F79EFBC}") = "HomeManagement.Core", "src\HomeManagement.Core\HomeManagement.Core.csproj", "{1251B3AA-47CC-4347-B066-F201F28570E0}"
EndProject
Project("{FAE04EC0-301F-11D3-BF4B-00C04F79EFBC}") = "HomeManagement.Agent", "src\HomeManagement.Agent\HomeManagement.Agent.csproj", "{992AA43F-8D1D-4E3C-8671-813BDCB4704A}"
EndProject
Project("{FAE04EC0-301F-11D3-BF4B-00C04F79EFBC}") = "HomeManagement.Gui", "src\HomeManagement.Gui\HomeManagement.Gui.csproj", "{95989627-6109-4510-9411-300B990CA459}"
EndProject
Project("{2150E333-8FDC-42A3-9474-1A3956D46DE8}") = "tests", "tests", "{A1B2C3D4-E5F6-7890-ABCD-EF1234567890}"
EndProject
Project("{FAE04EC0-301F-11D3-BF4B-00C04F79EFBC}") = "HomeManagement.Abstractions.Tests", "tests\HomeManagement.Abstractions.Tests\HomeManagement.Abstractions.Tests.csproj", "{F1A2B3C4-D5E6-7890-AB12-CD34EF567891}"
EndProject
Project("{FAE04EC0-301F-11D3-BF4B-00C04F79EFBC}") = "HomeManagement.Agent.Tests", "tests\HomeManagement.Agent.Tests\HomeManagement.Agent.Tests.csproj", "{F2A3B4C5-D6E7-8901-BC23-DE45EF678902}"
EndProject
Project("{FAE04EC0-301F-11D3-BF4B-00C04F79EFBC}") = "HomeManagement.Data.Tests", "tests\HomeManagement.Data.Tests\HomeManagement.Data.Tests.csproj", "{F3A4B5C6-D7E8-9012-CD34-EF56F0789013}"
EndProject
Project("{FAE04EC0-301F-11D3-BF4B-00C04F79EFBC}") = "HomeManagement.Gui.Tests", "tests\HomeManagement.Gui.Tests\HomeManagement.Gui.Tests.csproj", "{F4A5B6C7-D8E9-0123-DE45-F067A1890124}"
EndProject
Project("{FAE04EC0-301F-11D3-BF4B-00C04F79EFBC}") = "HomeManagement.Transport.Tests", "tests\HomeManagement.Transport.Tests\HomeManagement.Transport.Tests.csproj", "{FAD5BE33-32F4-4861-959E-9173151CB4F3}"
EndProject
Project("{FAE04EC0-301F-11D3-BF4B-00C04F79EFBC}") = "HomeManagement.Core.Tests", "tests\HomeManagement.Core.Tests\HomeManagement.Core.Tests.csproj", "{85854470-79A8-475E-9B2E-40FE755FE505}"
EndProject
Global
	GlobalSection(SolutionConfigurationPlatforms) = preSolution
		Debug|Any CPU = Debug|Any CPU
		Debug|x64 = Debug|x64
		Debug|x86 = Debug|x86
		Release|Any CPU = Release|Any CPU
		Release|x64 = Release|x64
		Release|x86 = Release|x86
	EndGlobalSection
	GlobalSection(ProjectConfigurationPlatforms) = postSolution
		{B4AFFC6B-F69E-9088-B34D-5D1AB0DE0D17}.Debug|Any CPU.ActiveCfg = Debug|Any CPU
		{B4AFFC6B-F69E-9088-B34D-5D1AB0DE0D17}.Debug|Any CPU.Build.0 = Debug|Any CPU
		{B4AFFC6B-F69E-9088-B34D-5D1AB0DE0D17}.Debug|x64.ActiveCfg = Debug|Any CPU
		{B4AFFC6B-F69E-9088-B34D-5D1AB0DE0D17}.Debug|x64.Build.0 = Debug|Any CPU
		{B4AFFC6B-F69E-9088-B34D-5D1AB0DE0D17}.Debug|x86.ActiveCfg = Debug|Any CPU
		{B4AFFC6B-F69E-9088-B34D-5D1AB0DE0D17}.Debug|x86.Build.0 = Debug|Any CPU
		{B4AFFC6B-F69E-9088-B34D-5D1AB0DE0D17}.Release|Any CPU.ActiveCfg = Release|Any CPU
		{B4AFFC6B-F69E-9088-B34D-5D1AB0DE0D17}.Release|Any CPU.Build.0 = Release|Any CPU
		{B4AFFC6B-F69E-9088-B34D-5D1AB0DE0D17}.Release|x64.ActiveCfg = Release|Any CPU
		{B4AFFC6B-F69E-9088-B34D-5D1AB0DE0D17}.Release|x64.Build.0 = Release|Any CPU
		{B4AFFC6B-F69E-9088-B34D-5D1AB0DE0D17}.Release|x86.ActiveCfg = Release|Any CPU
		{B4AFFC6B-F69E-9088-B34D-5D1AB0DE0D17}.Release|x86.Build.0 = Release|Any CPU
		{9C95BDEC-D96C-48C4-BFDA-067C5B5D4944}.Debug|Any CPU.ActiveCfg = Debug|Any CPU
		{9C95BDEC-D96C-48C4-BFDA-067C5B5D4944}.Debug|Any CPU.Build.0 = Debug|Any CPU
		{9C95BDEC-D96C-48C4-BFDA-067C5B5D4944}.Debug|x64.ActiveCfg = Debug|Any CPU
		{9C95BDEC-D96C-48C4-BFDA-067C5B5D4944}.Debug|x64.Build.0 = Debug|Any CPU
		{9C95BDEC-D96C-48C4-BFDA-067C5B5D4944}.Debug|x86.ActiveCfg = Debug|Any CPU
		{9C95BDEC-D96C-48C4-BFDA-067C5B5D4944}.Debug|x86.Build.0 = Debug|Any CPU
		{9C95BDEC-D96C-48C4-BFDA-067C5B5D4944}.Release|Any CPU.ActiveCfg = Release|Any CPU
		{9C95BDEC-D96C-48C4-BFDA-067C5B5D4944}.Release|Any CPU.Build.0 = Release|Any CPU
		{9C95BDEC-D96C-48C4-BFDA-067C5B5D4944}.Release|x64.ActiveCfg = Release|Any CPU
		{9C95BDEC-D96C-48C4-BFDA-067C5B5D4944}.Release|x64.Build.0 = Release|Any CPU
		{9C95BDEC-D96C-48C4-BFDA-067C5B5D4944}.Release|x86.ActiveCfg = Release|Any CPU
		{9C95BDEC-D96C-48C4-BFDA-067C5B5D4944}.Release|x86.Build.0 = Release|Any CPU
		{476022C7-261A-4E2D-9CD0-E9F6EEBDC3F4}.Debug|Any CPU.ActiveCfg = Debug|Any CPU
		{476022C7-261A-4E2D-9CD0-E9F6EEBDC3F4}.Debug|Any CPU.Build.0 = Debug|Any CPU
		{476022C7-261A-4E2D-9CD0-E9F6EEBDC3F4}.Debug|x64.ActiveCfg = Debug|Any CPU
		{476022C7-261A-4E2D-9CD0-E9F6EEBDC3F4}.Debug|x64.Build.0 = Debug|Any CPU
		{476022C7-261A-4E2D-9CD0-E9F6EEBDC3F4}.Debug|x86.ActiveCfg = Debug|Any CPU
		{476022C7-261A-4E2D-9CD0-E9F6EEBDC3F4}.Debug|x86.Build.0 = Debug|Any CPU
		{476022C7-261A-4E2D-9CD0-E9F6EEBDC3F4}.Release|Any CPU.ActiveCfg = Release|Any CPU
		{476022C7-261A-4E2D-9CD0-E9F6EEBDC3F4}.Release|Any CPU.Build.0 = Release|Any CPU
		{476022C7-261A-4E2D-9CD0-E9F6EEBDC3F4}.Release|x64.ActiveCfg = Release|Any CPU
		{476022C7-261A-4E2D-9CD0-E9F6EEBDC3F4}.Release|x64.Build.0 = Release|Any CPU
		{476022C7-261A-4E2D-9CD0-E9F6EEBDC3F4}.Release|x86.ActiveCfg = Release|Any CPU
		{476022C7-261A-4E2D-9CD0-E9F6EEBDC3F4}.Release|x86.Build.0 = Release|Any CPU
		{D95FE421-7509-49E3-AD6B-EA29EC115CBB}.Debug|Any CPU.ActiveCfg = Debug|Any CPU
		{D95FE421-7509-49E3-AD6B-EA29EC115CBB}.Debug|Any CPU.Build.0 = Debug|Any CPU
		{D95FE421-7509-49E3-AD6B-EA29EC115CBB}.Debug|x64.ActiveCfg = Debug|Any CPU
		{D95FE421-7509-49E3-AD6B-EA29EC115CBB}.Debug|x64.Build.0 = Debug|Any CPU
		{D95FE421-7509-49E3-AD6B-EA29EC115CBB}.Debug|x86.ActiveCfg = Debug|Any CPU
		{D95FE421-7509-49E3-AD6B-EA29EC115CBB}.Debug|x86.Build.0 = Debug|Any CPU
		{D95FE421-7509-49E3-AD6B-EA29EC115CBB}.Release|Any CPU.ActiveCfg = Release|Any CPU
		{D95FE421-7509-49E3-AD6B-EA29EC115CBB}.Release|Any CPU.Build.0 = Release|Any CPU
		{D95FE421-7509-49E3-AD6B-EA29EC115CBB}.Release|x64.ActiveCfg = Release|Any CPU
		{D95FE421-7509-49E3-AD6B-EA29EC115CBB}.Release|x64.Build.0 = Release|Any CPU
		{D95FE421-7509-49E3-AD6B-EA29EC115CBB}.Release|x86.ActiveCfg = Release|Any CPU
		{D95FE421-7509-49E3-AD6B-EA29EC115CBB}.Release|x86.Build.0 = Release|Any CPU
		{EE7E11C8-4582-4114-8BC5-63177B215BC8}.Debug|Any CPU.ActiveCfg = Debug|Any CPU
		{EE7E11C8-4582-4114-8BC5-63177B215BC8}.Debug|Any CPU.Build.0 = Debug|Any CPU
		{EE7E11C8-4582-4114-8BC5-63177B215BC8}.Debug|x64.ActiveCfg = Debug|Any CPU
		{EE7E11C8-4582-4114-8BC5-63177B215BC8}.Debug|x64.Build.0 = Debug|Any CPU
		{EE7E11C8-4582-4114-8BC5-63177B215BC8}.Debug|x86.ActiveCfg = Debug|Any CPU
		{EE7E11C8-4582-4114-8BC5-63177B215BC8}.Debug|x86.Build.0 = Debug|Any CPU
		{EE7E11C8-4582-4114-8BC5-63177B215BC8}.Release|Any CPU.ActiveCfg = Release|Any CPU
		{EE7E11C8-4582-4114-8BC5-63177B215BC8}.Release|Any CPU.Build.0 = Release|Any CPU
		{EE7E11C8-4582-4114-8BC5-63177B215BC8}.Release|x64.ActiveCfg = Release|Any CPU
		{EE7E11C8-4582-4114-8BC5-63177B215BC8}.Release|x64.Build.0 = Release|Any CPU
		{EE7E11C8-4582-4114-8BC5-63177B215BC8}.Release|x86.ActiveCfg = Release|Any CPU
		{EE7E11C8-4582-4114-8BC5-63177B215BC8}.Release|x86.Build.0 = Release|Any CPU
		{D3DEBAC3-C6CB-4A7D-9F63-91D4948C906C}.Debug|Any CPU.ActiveCfg = Debug|Any CPU
		{D3DEBAC3-C6CB-4A7D-9F63-91D4948C906C}.Debug|Any CPU.Build.0 = Debug|Any CPU
		{D3DEBAC3-C6CB-4A7D-9F63-91D4948C906C}.Debug|x64.ActiveCfg = Debug|Any CPU
		{D3DEBAC3-C6CB-4A7D-9F63-91D4948C906C}.Debug|x64.Build.0 = Debug|Any CPU
		{D3DEBAC3-C6CB-4A7D-9F63-91D4948C906C}.Debug|x86.ActiveCfg = Debug|Any CPU
		{D3DEBAC3-C6CB-4A7D-9F63-91D4948C906C}.Debug|x86.Build.0 = Debug|Any CPU
		{D3DEBAC3-C6CB-4A7D-9F63-91D4948C906C}.Release|Any CPU.ActiveCfg = Release|Any CPU
		{D3DEBAC3-C6CB-4A7D-9F63-91D4948C906C}.Release|Any CPU.Build.0 = Release|Any CPU
		{D3DEBAC3-C6CB-4A7D-9F63-91D4948C906C}.Release|x64.ActiveCfg = Release|Any CPU
		{D3DEBAC3-C6CB-4A7D-9F63-91D4948C906C}.Release|x64.Build.0 = Release|Any CPU
		{D3DEBAC3-C6CB-4A7D-9F63-91D4948C906C}.Release|x86.ActiveCfg = Release|Any CPU
		{D3DEBAC3-C6CB-4A7D-9F63-91D4948C906C}.Release|x86.Build.0 = Release|Any CPU
		{CCEF7277-1407-41E0-9263-006F44A3BA3E}.Debug|Any CPU.ActiveCfg = Debug|Any CPU
		{CCEF7277-1407-41E0-9263-006F44A3BA3E}.Debug|Any CPU.Build.0 = Debug|Any CPU
		{CCEF7277-1407-41E0-9263-006F44A3BA3E}.Debug|x64.ActiveCfg = Debug|Any CPU
		{CCEF7277-1407-41E0-9263-006F44A3BA3E}.Debug|x64.Build.0 = Debug|Any CPU
		{CCEF7277-1407-41E0-9263-006F44A3BA3E}.Debug|x86.ActiveCfg = Debug|Any CPU
		{CCEF7277-1407-41E0-9263-006F44A3BA3E}.Debug|x86.Build.0 = Debug|Any CPU
		{CCEF7277-1407-41E0-9263-006F44A3BA3E}.Release|Any CPU.ActiveCfg = Release|Any CPU
		{CCEF7277-1407-41E0-9263-006F44A3BA3E}.Release|Any CPU.Build.0 = Release|Any CPU
		{CCEF7277-1407-41E0-9263-006F44A3BA3E}.Release|x64.ActiveCfg = Release|Any CPU
		{CCEF7277-1407-41E0-9263-006F44A3BA3E}.Release|x64.Build.0 = Release|Any CPU
		{CCEF7277-1407-41E0-9263-006F44A3BA3E}.Release|x86.ActiveCfg = Release|Any CPU
		{CCEF7277-1407-41E0-9263-006F44A3BA3E}.Release|x86.Build.0 = Release|Any CPU
		{9BD256B8-FEED-4E0D-9D84-F592A8EF2B78}.Debug|Any CPU.ActiveCfg = Debug|Any CPU
		{9BD256B8-FEED-4E0D-9D84-F592A8EF2B78}.Debug|Any CPU.Build.0 = Debug|Any CPU
		{9BD256B8-FEED-4E0D-9D84-F592A8EF2B78}.Debug|x64.ActiveCfg = Debug|Any CPU
		{9BD256B8-FEED-4E0D-9D84-F592A8EF2B78}.Debug|x64.Build.0 = Debug|Any CPU
		{9BD256B8-FEED-4E0D-9D84-F592A8EF2B78}.Debug|x86.ActiveCfg = Debug|Any CPU
		{9BD256B8-FEED-4E0D-9D84-F592A8EF2B78}.Debug|x86.Build.0 = Debug|Any CPU
		{9BD256B8-FEED-4E0D-9D84-F592A8EF2B78}.Release|Any CPU.ActiveCfg = Release|Any CPU
		{9BD256B8-FEED-4E0D-9D84-F592A8EF2B78}.Release|Any CPU.Build.0 = Release|Any CPU
		{9BD256B8-FEED-4E0D-9D84-F592A8EF2B78}.Release|x64.ActiveCfg = Release|Any CPU
		{9BD256B8-FEED-4E0D-9D84-F592A8EF2B78}.Release|x64.Build.0 = Release|Any CPU
		{9BD256B8-FEED-4E0D-9D84-F592A8EF2B78}.Release|x86.ActiveCfg = Release|Any CPU
		{9BD256B8-FEED-4E0D-9D84-F592A8EF2B78}.Release|x86.Build.0 = Release|Any CPU
		{9BFDE6FC-065A-4E87-8CA7-E75624B3FC04}.Debug|Any CPU.ActiveCfg = Debug|Any CPU
		{9BFDE6FC-065A-4E87-8CA7-E75624B3FC04}.Debug|Any CPU.Build.0 = Debug|Any CPU
		{9BFDE6FC-065A-4E87-8CA7-E75624B3FC04}.Debug|x64.ActiveCfg = Debug|Any CPU
		{9BFDE6FC-065A-4E87-8CA7-E75624B3FC04}.Debug|x64.Build.0 = Debug|Any CPU
		{9BFDE6FC-065A-4E87-8CA7-E75624B3FC04}.Debug|x86.ActiveCfg = Debug|Any CPU
		{9BFDE6FC-065A-4E87-8CA7-E75624B3FC04}.Debug|x86.Build.0 = Debug|Any CPU
		{9BFDE6FC-065A-4E87-8CA7-E75624B3FC04}.Release|Any CPU.ActiveCfg = Release|Any CPU
		{9BFDE6FC-065A-4E87-8CA7-E75624B3FC04}.Release|Any CPU.Build.0 = Release|Any CPU
		{9BFDE6FC-065A-4E87-8CA7-E75624B3FC04}.Release|x64.ActiveCfg = Release|Any CPU
		{9BFDE6FC-065A-4E87-8CA7-E75624B3FC04}.Release|x64.Build.0 = Release|Any CPU
		{9BFDE6FC-065A-4E87-8CA7-E75624B3FC04}.Release|x86.ActiveCfg = Release|Any CPU
		{9BFDE6FC-065A-4E87-8CA7-E75624B3FC04}.Release|x86.Build.0 = Release|Any CPU
		{1251B3AA-47CC-4347-B066-F201F28570E0}.Debug|Any CPU.ActiveCfg = Debug|Any CPU
		{1251B3AA-47CC-4347-B066-F201F28570E0}.Debug|Any CPU.Build.0 = Debug|Any CPU
		{1251B3AA-47CC-4347-B066-F201F28570E0}.Debug|x64.ActiveCfg = Debug|Any CPU
		{1251B3AA-47CC-4347-B066-F201F28570E0}.Debug|x64.Build.0 = Debug|Any CPU
		{1251B3AA-47CC-4347-B066-F201F28570E0}.Debug|x86.ActiveCfg = Debug|Any CPU
		{1251B3AA-47CC-4347-B066-F201F28570E0}.Debug|x86.Build.0 = Debug|Any CPU
		{1251B3AA-47CC-4347-B066-F201F28570E0}.Release|Any CPU.ActiveCfg = Release|Any CPU
		{1251B3AA-47CC-4347-B066-F201F28570E0}.Release|Any CPU.Build.0 = Release|Any CPU
		{1251B3AA-47CC-4347-B066-F201F28570E0}.Release|x64.ActiveCfg = Release|Any CPU
		{1251B3AA-47CC-4347-B066-F201F28570E0}.Release|x64.Build.0 = Release|Any CPU
		{1251B3AA-47CC-4347-B066-F201F28570E0}.Release|x86.ActiveCfg = Release|Any CPU
		{1251B3AA-47CC-4347-B066-F201F28570E0}.Release|x86.Build.0 = Release|Any CPU
		{992AA43F-8D1D-4E3C-8671-813BDCB4704A}.Debug|Any CPU.ActiveCfg = Debug|Any CPU
		{992AA43F-8D1D-4E3C-8671-813BDCB4704A}.Debug|Any CPU.Build.0 = Debug|Any CPU
		{992AA43F-8D1D-4E3C-8671-813BDCB4704A}.Debug|x64.ActiveCfg = Debug|Any CPU
		{992AA43F-8D1D-4E3C-8671-813BDCB4704A}.Debug|x64.Build.0 = Debug|Any CPU
		{992AA43F-8D1D-4E3C-8671-813BDCB4704A}.Debug|x86.ActiveCfg = Debug|Any CPU
		{992AA43F-8D1D-4E3C-8671-813BDCB4704A}.Debug|x86.Build.0 = Debug|Any CPU
		{992AA43F-8D1D-4E3C-8671-813BDCB4704A}.Release|Any CPU.ActiveCfg = Release|Any CPU
		{992AA43F-8D1D-4E3C-8671-813BDCB4704A}.Release|Any CPU.Build.0 = Release|Any CPU
		{992AA43F-8D1D-4E3C-8671-813BDCB4704A}.Release|x64.ActiveCfg = Release|Any CPU
		{992AA43F-8D1D-4E3C-8671-813BDCB4704A}.Release|x64.Build.0 = Release|Any CPU
		{992AA43F-8D1D-4E3C-8671-813BDCB4704A}.Release|x86.ActiveCfg = Release|Any CPU
		{992AA43F-8D1D-4E3C-8671-813BDCB4704A}.Release|x86.Build.0 = Release|Any CPU
		{95989627-6109-4510-9411-300B990CA459}.Debug|Any CPU.ActiveCfg = Debug|Any CPU
		{95989627-6109-4510-9411-300B990CA459}.Debug|Any CPU.Build.0 = Debug|Any CPU
		{95989627-6109-4510-9411-300B990CA459}.Debug|x64.ActiveCfg = Debug|Any CPU
		{95989627-6109-4510-9411-300B990CA459}.Debug|x64.Build.0 = Debug|Any CPU
		{95989627-6109-4510-9411-300B990CA459}.Debug|x86.ActiveCfg = Debug|Any CPU
		{95989627-6109-4510-9411-300B990CA459}.Debug|x86.Build.0 = Debug|Any CPU
		{95989627-6109-4510-9411-300B990CA459}.Release|Any CPU.ActiveCfg = Release|Any CPU
		{95989627-6109-4510-9411-300B990CA459}.Release|Any CPU.Build.0 = Release|Any CPU
		{95989627-6109-4510-9411-300B990CA459}.Release|x64.ActiveCfg = Release|Any CPU
		{95989627-6109-4510-9411-300B990CA459}.Release|x64.Build.0 = Release|Any CPU
		{95989627-6109-4510-9411-300B990CA459}.Release|x86.ActiveCfg = Release|Any CPU
		{95989627-6109-4510-9411-300B990CA459}.Release|x86.Build.0 = Release|Any CPU
		{F1A2B3C4-D5E6-7890-AB12-CD34EF567891}.Debug|Any CPU.ActiveCfg = Debug|Any CPU
		{F1A2B3C4-D5E6-7890-AB12-CD34EF567891}.Debug|Any CPU.Build.0 = Debug|Any CPU
		{F1A2B3C4-D5E6-7890-AB12-CD34EF567891}.Debug|x64.ActiveCfg = Debug|Any CPU
		{F1A2B3C4-D5E6-7890-AB12-CD34EF567891}.Debug|x64.Build.0 = Debug|Any CPU
		{F1A2B3C4-D5E6-7890-AB12-CD34EF567891}.Debug|x86.ActiveCfg = Debug|Any CPU
		{F1A2B3C4-D5E6-7890-AB12-CD34EF567891}.Debug|x86.Build.0 = Debug|Any CPU
		{F1A2B3C4-D5E6-7890-AB12-CD34EF567891}.Release|Any CPU.ActiveCfg = Release|Any CPU
		{F1A2B3C4-D5E6-7890-AB12-CD34EF567891}.Release|Any CPU.Build.0 = Release|Any CPU
		{F1A2B3C4-D5E6-7890-AB12-CD34EF567891}.Release|x64.ActiveCfg = Release|Any CPU
		{F1A2B3C4-D5E6-7890-AB12-CD34EF567891}.Release|x64.Build.0 = Release|Any CPU
		{F1A2B3C4-D5E6-7890-AB12-CD34EF567891}.Release|x86.ActiveCfg = Release|Any CPU
		{F1A2B3C4-D5E6-7890-AB12-CD34EF567891}.Release|x86.Build.0 = Release|Any CPU
		{F2A3B4C5-D6E7-8901-BC23-DE45EF678902}.Debug|Any CPU.ActiveCfg = Debug|Any CPU
		{F2A3B4C5-D6E7-8901-BC23-DE45EF678902}.Debug|Any CPU.Build.0 = Debug|Any CPU
		{F2A3B4C5-D6E7-8901-BC23-DE45EF678902}.Debug|x64.ActiveCfg = Debug|Any CPU
		{F2A3B4C5-D6E7-8901-BC23-DE45EF678902}.Debug|x64.Build.0 = Debug|Any CPU
		{F2A3B4C5-D6E7-8901-BC23-DE45EF678902}.Debug|x86.ActiveCfg = Debug|Any CPU
		{F2A3B4C5-D6E7-8901-BC23-DE45EF678902}.Debug|x86.Build.0 = Debug|Any CPU
		{F2A3B4C5-D6E7-8901-BC23-DE45EF678902}.Release|Any CPU.ActiveCfg = Release|Any CPU
		{F2A3B4C5-D6E7-8901-BC23-DE45EF678902}.Release|Any CPU.Build.0 = Release|Any CPU
		{F2A3B4C5-D6E7-8901-BC23-DE45EF678902}.Release|x64.ActiveCfg = Release|Any CPU
		{F2A3B4C5-D6E7-8901-BC23-DE45EF678902}.Release|x64.Build.0 = Release|Any CPU
		{F2A3B4C5-D6E7-8901-BC23-DE45EF678902}.Release|x86.ActiveCfg = Release|Any CPU
		{F2A3B4C5-D6E7-8901-BC23-DE45EF678902}.Release|x86.Build.0 = Release|Any CPU
		{F3A4B5C6-D7E8-9012-CD34-EF56F0789013}.Debug|Any CPU.ActiveCfg = Debug|Any CPU
		{F3A4B5C6-D7E8-9012-CD34-EF56F0789013}.Debug|Any CPU.Build.0 = Debug|Any CPU
		{F3A4B5C6-D7E8-9012-CD34-EF56F0789013}.Debug|x64.ActiveCfg = Debug|Any CPU
		{F3A4B5C6-D7E8-9012-CD34-EF56F0789013}.Debug|x64.Build.0 = Debug|Any CPU
		{F3A4B5C6-D7E8-9012-CD34-EF56F0789013}.Debug|x86.ActiveCfg = Debug|Any CPU
		{F3A4B5C6-D7E8-9012-CD34-EF56F0789013}.Debug|x86.Build.0 = Debug|Any CPU
		{F3A4B5C6-D7E8-9012-CD34-EF56F0789013}.Release|Any CPU.ActiveCfg = Release|Any CPU
		{F3A4B5C6-D7E8-9012-CD34-EF56F0789013}.Release|Any CPU.Build.0 = Release|Any CPU
		{F3A4B5C6-D7E8-9012-CD34-EF56F0789013}.Release|x64.ActiveCfg = Release|Any CPU
		{F3A4B5C6-D7E8-9012-CD34-EF56F0789013}.Release|x64.Build.0 = Release|Any CPU
		{F3A4B5C6-D7E8-9012-CD34-EF56F0789013}.Release|x86.ActiveCfg = Release|Any CPU
		{F3A4B5C6-D7E8-9012-CD34-EF56F0789013}.Release|x86.Build.0 = Release|Any CPU
		{F4A5B6C7-D8E9-0123-DE45-F067A1890124}.Debug|Any CPU.ActiveCfg = Debug|Any CPU
		{F4A5B6C7-D8E9-0123-DE45-F067A1890124}.Debug|Any CPU.Build.0 = Debug|Any CPU
		{F4A5B6C7-D8E9-0123-DE45-F067A1890124}.Debug|x64.ActiveCfg = Debug|Any CPU
		{F4A5B6C7-D8E9-0123-DE45-F067A1890124}.Debug|x64.Build.0 = Debug|Any CPU
		{F4A5B6C7-D8E9-0123-DE45-F067A1890124}.Debug|x86.ActiveCfg = Debug|Any CPU
		{F4A5B6C7-D8E9-0123-DE45-F067A1890124}.Debug|x86.Build.0 = Debug|Any CPU
		{F4A5B6C7-D8E9-0123-DE45-F067A1890124}.Release|Any CPU.ActiveCfg = Release|Any CPU
		{F4A5B6C7-D8E9-0123-DE45-F067A1890124}.Release|Any CPU.Build.0 = Release|Any CPU
		{F4A5B6C7-D8E9-0123-DE45-F067A1890124}.Release|x64.ActiveCfg = Release|Any CPU
		{F4A5B6C7-D8E9-0123-DE45-F067A1890124}.Release|x64.Build.0 = Release|Any CPU
		{F4A5B6C7-D8E9-0123-DE45-F067A1890124}.Release|x86.ActiveCfg = Release|Any CPU
		{F4A5B6C7-D8E9-0123-DE45-F067A1890124}.Release|x86.Build.0 = Release|Any CPU
		{FAD5BE33-32F4-4861-959E-9173151CB4F3}.Debug|Any CPU.ActiveCfg = Debug|Any CPU
		{FAD5BE33-32F4-4861-959E-9173151CB4F3}.Debug|Any CPU.Build.0 = Debug|Any CPU
		{FAD5BE33-32F4-4861-959E-9173151CB4F3}.Debug|x64.ActiveCfg = Debug|Any CPU
		{FAD5BE33-32F4-4861-959E-9173151CB4F3}.Debug|x64.Build.0 = Debug|Any CPU
		{FAD5BE33-32F4-4861-959E-9173151CB4F3}.Debug|x86.ActiveCfg = Debug|Any CPU
		{FAD5BE33-32F4-4861-959E-9173151CB4F3}.Debug|x86.Build.0 = Debug|Any CPU
		{FAD5BE33-32F4-4861-959E-9173151CB4F3}.Release|Any CPU.ActiveCfg = Release|Any CPU
		{FAD5BE33-32F4-4861-959E-9173151CB4F3}.Release|Any CPU.Build.0 = Release|Any CPU
		{FAD5BE33-32F4-4861-959E-9173151CB4F3}.Release|x64.ActiveCfg = Release|Any CPU
		{FAD5BE33-32F4-4861-959E-9173151CB4F3}.Release|x64.Build.0 = Release|Any CPU
		{FAD5BE33-32F4-4861-959E-9173151CB4F3}.Release|x86.ActiveCfg = Release|Any CPU
		{FAD5BE33-32F4-4861-959E-9173151CB4F3}.Release|x86.Build.0 = Release|Any CPU
		{85854470-79A8-475E-9B2E-40FE755FE505}.Debug|Any CPU.ActiveCfg = Debug|Any CPU
		{85854470-79A8-475E-9B2E-40FE755FE505}.Debug|Any CPU.Build.0 = Debug|Any CPU
		{85854470-79A8-475E-9B2E-40FE755FE505}.Debug|x64.ActiveCfg = Debug|Any CPU
		{85854470-79A8-475E-9B2E-40FE755FE505}.Debug|x64.Build.0 = Debug|Any CPU
		{85854470-79A8-475E-9B2E-40FE755FE505}.Debug|x86.ActiveCfg = Debug|Any CPU
		{85854470-79A8-475E-9B2E-40FE755FE505}.Debug|x86.Build.0 = Debug|Any CPU
		{85854470-79A8-475E-9B2E-40FE755FE505}.Release|Any CPU.ActiveCfg = Release|Any CPU
		{85854470-79A8-475E-9B2E-40FE755FE505}.Release|Any CPU.Build.0 = Release|Any CPU
		{85854470-79A8-475E-9B2E-40FE755FE505}.Release|x64.ActiveCfg = Release|Any CPU
		{85854470-79A8-475E-9B2E-40FE755FE505}.Release|x64.Build.0 = Release|Any CPU
		{85854470-79A8-475E-9B2E-40FE755FE505}.Release|x86.ActiveCfg = Release|Any CPU
		{85854470-79A8-475E-9B2E-40FE755FE505}.Release|x86.Build.0 = Release|Any CPU
	EndGlobalSection
	GlobalSection(SolutionProperties) = preSolution
		HideSolutionNode = FALSE
	EndGlobalSection
	GlobalSection(NestedProjects) = preSolution
		{B4AFFC6B-F69E-9088-B34D-5D1AB0DE0D17} = {827E0CD3-B72D-47B6-A68D-7590B98EB39B}
		{9C95BDEC-D96C-48C4-BFDA-067C5B5D4944} = {827E0CD3-B72D-47B6-A68D-7590B98EB39B}
		{476022C7-261A-4E2D-9CD0-E9F6EEBDC3F4} = {827E0CD3-B72D-47B6-A68D-7590B98EB39B}
		{D95FE421-7509-49E3-AD6B-EA29EC115CBB} = {827E0CD3-B72D-47B6-A68D-7590B98EB39B}
		{EE7E11C8-4582-4114-8BC5-63177B215BC8} = {827E0CD3-B72D-47B6-A68D-7590B98EB39B}
		{D3DEBAC3-C6CB-4A7D-9F63-91D4948C906C} = {827E0CD3-B72D-47B6-A68D-7590B98EB39B}
		{CCEF7277-1407-41E0-9263-006F44A3BA3E} = {827E0CD3-B72D-47B6-A68D-7590B98EB39B}
		{9BD256B8-FEED-4E0D-9D84-F592A8EF2B78} = {827E0CD3-B72D-47B6-A68D-7590B98EB39B}
		{9BFDE6FC-065A-4E87-8CA7-E75624B3FC04} = {827E0CD3-B72D-47B6-A68D-7590B98EB39B}
		{1251B3AA-47CC-4347-B066-F201F28570E0} = {827E0CD3-B72D-47B6-A68D-7590B98EB39B}
		{992AA43F-8D1D-4E3C-8671-813BDCB4704A} = {827E0CD3-B72D-47B6-A68D-7590B98EB39B}
		{95989627-6109-4510-9411-300B990CA459} = {827E0CD3-B72D-47B6-A68D-7590B98EB39B}
		{F1A2B3C4-D5E6-7890-AB12-CD34EF567891} = {A1B2C3D4-E5F6-7890-ABCD-EF1234567890}
		{F2A3B4C5-D6E7-8901-BC23-DE45EF678902} = {A1B2C3D4-E5F6-7890-ABCD-EF1234567890}
		{F3A4B5C6-D7E8-9012-CD34-EF56F0789013} = {A1B2C3D4-E5F6-7890-ABCD-EF1234567890}
		{F4A5B6C7-D8E9-0123-DE45-F067A1890124} = {A1B2C3D4-E5F6-7890-ABCD-EF1234567890}
		{FAD5BE33-32F4-4861-959E-9173151CB4F3} = {A1B2C3D4-E5F6-7890-ABCD-EF1234567890}
		{85854470-79A8-475E-9B2E-40FE755FE505} = {A1B2C3D4-E5F6-7890-ABCD-EF1234567890}
	EndGlobalSection
	GlobalSection(ExtensibilityGlobals) = postSolution
		SolutionGuid = {336CB328-1CBB-4084-9F56-55CAC70879BD}
	EndGlobalSection
EndGlobal
